// !$*UTF8*$!
{
	archiveVersion = 1;
	classes = {
	};
	objectVersion = 46;
	objects = {

/* Begin PBXBuildFile section */
		144CE4CC85AB5D4F325123BA /* libPods-HelloAppboy.a in Frameworks */ = {isa = PBXBuildFile; fileRef = E4336804E93268FD0B366BBB /* libPods-HelloAppboy.a */; };
		4EBAC83A1959F8D800554880 /* Foundation.framework in Frameworks */ = {isa = PBXBuildFile; fileRef = 4EBAC8391959F8D800554880 /* Foundation.framework */; };
		4EBAC83C1959F8D800554880 /* CoreGraphics.framework in Frameworks */ = {isa = PBXBuildFile; fileRef = 4EBAC83B1959F8D800554880 /* CoreGraphics.framework */; };
		4EBAC83E1959F8D800554880 /* UIKit.framework in Frameworks */ = {isa = PBXBuildFile; fileRef = 4EBAC83D1959F8D800554880 /* UIKit.framework */; };
		4EBAC8441959F8D800554880 /* InfoPlist.strings in Resources */ = {isa = PBXBuildFile; fileRef = 4EBAC8421959F8D800554880 /* InfoPlist.strings */; };
		4EBAC8461959F8D800554880 /* main.m in Sources */ = {isa = PBXBuildFile; fileRef = 4EBAC8451959F8D800554880 /* main.m */; };
		4EBAC84A1959F8D800554880 /* AppDelegate.m in Sources */ = {isa = PBXBuildFile; fileRef = 4EBAC8491959F8D800554880 /* AppDelegate.m */; };
		4EBAC84D1959F8D800554880 /* Main.storyboard in Resources */ = {isa = PBXBuildFile; fileRef = 4EBAC84B1959F8D800554880 /* Main.storyboard */; };
		4EBAC8501959F8D800554880 /* ViewController.m in Sources */ = {isa = PBXBuildFile; fileRef = 4EBAC84F1959F8D800554880 /* ViewController.m */; };
		4EBAC8521959F8D800554880 /* Images.xcassets in Resources */ = {isa = PBXBuildFile; fileRef = 4EBAC8511959F8D800554880 /* Images.xcassets */; };
		4EBAC8591959F8D800554880 /* XCTest.framework in Frameworks */ = {isa = PBXBuildFile; fileRef = 4EBAC8581959F8D800554880 /* XCTest.framework */; };
		4EBAC85A1959F8D800554880 /* Foundation.framework in Frameworks */ = {isa = PBXBuildFile; fileRef = 4EBAC8391959F8D800554880 /* Foundation.framework */; };
		4EBAC85B1959F8D800554880 /* UIKit.framework in Frameworks */ = {isa = PBXBuildFile; fileRef = 4EBAC83D1959F8D800554880 /* UIKit.framework */; };
		4EBAC8631959F8D800554880 /* InfoPlist.strings in Resources */ = {isa = PBXBuildFile; fileRef = 4EBAC8611959F8D800554880 /* InfoPlist.strings */; };
		4EBAC8651959F8D800554880 /* HelloAppboyTests.m in Sources */ = {isa = PBXBuildFile; fileRef = 4EBAC8641959F8D800554880 /* HelloAppboyTests.m */; };
		4EBAC86F1959FC6200554880 /* like.png in Resources */ = {isa = PBXBuildFile; fileRef = 4EBAC86E1959FC6200554880 /* like.png */; };
		4EBAC8711959FD0100554880 /* like@2x.png in Resources */ = {isa = PBXBuildFile; fileRef = 4EBAC8701959FD0100554880 /* like@2x.png */; };
/* End PBXBuildFile section */

/* Begin PBXContainerItemProxy section */
		4EBAC85C1959F8D800554880 /* PBXContainerItemProxy */ = {
			isa = PBXContainerItemProxy;
			containerPortal = 4EBAC82E1959F8D800554880 /* Project object */;
			proxyType = 1;
			remoteGlobalIDString = 4EBAC8351959F8D800554880;
			remoteInfo = HelloAppboy;
		};
/* End PBXContainerItemProxy section */

/* Begin PBXFileReference section */
		4EBAC8361959F8D800554880 /* HelloAppboy.app */ = {isa = PBXFileReference; explicitFileType = wrapper.application; includeInIndex = 0; path = HelloAppboy.app; sourceTree = BUILT_PRODUCTS_DIR; };
		4EBAC8391959F8D800554880 /* Foundation.framework */ = {isa = PBXFileReference; lastKnownFileType = wrapper.framework; name = Foundation.framework; path = System/Library/Frameworks/Foundation.framework; sourceTree = SDKROOT; };
		4EBAC83B1959F8D800554880 /* CoreGraphics.framework */ = {isa = PBXFileReference; lastKnownFileType = wrapper.framework; name = CoreGraphics.framework; path = System/Library/Frameworks/CoreGraphics.framework; sourceTree = SDKROOT; };
		4EBAC83D1959F8D800554880 /* UIKit.framework */ = {isa = PBXFileReference; lastKnownFileType = wrapper.framework; name = UIKit.framework; path = System/Library/Frameworks/UIKit.framework; sourceTree = SDKROOT; };
		4EBAC8411959F8D800554880 /* HelloAppboy-Info.plist */ = {isa = PBXFileReference; lastKnownFileType = text.plist.xml; path = "HelloAppboy-Info.plist"; sourceTree = "<group>"; };
		4EBAC8431959F8D800554880 /* en */ = {isa = PBXFileReference; lastKnownFileType = text.plist.strings; name = en; path = en.lproj/InfoPlist.strings; sourceTree = "<group>"; };
		4EBAC8451959F8D800554880 /* main.m */ = {isa = PBXFileReference; lastKnownFileType = sourcecode.c.objc; path = main.m; sourceTree = "<group>"; };
		4EBAC8471959F8D800554880 /* HelloAppboy-Prefix.pch */ = {isa = PBXFileReference; lastKnownFileType = sourcecode.c.h; path = "HelloAppboy-Prefix.pch"; sourceTree = "<group>"; };
		4EBAC8481959F8D800554880 /* AppDelegate.h */ = {isa = PBXFileReference; lastKnownFileType = sourcecode.c.h; path = AppDelegate.h; sourceTree = "<group>"; };
		4EBAC8491959F8D800554880 /* AppDelegate.m */ = {isa = PBXFileReference; lastKnownFileType = sourcecode.c.objc; path = AppDelegate.m; sourceTree = "<group>"; };
		4EBAC84C1959F8D800554880 /* Base */ = {isa = PBXFileReference; lastKnownFileType = file.storyboard; name = Base; path = Base.lproj/Main.storyboard; sourceTree = "<group>"; };
		4EBAC84E1959F8D800554880 /* ViewController.h */ = {isa = PBXFileReference; lastKnownFileType = sourcecode.c.h; path = ViewController.h; sourceTree = "<group>"; };
		4EBAC84F1959F8D800554880 /* ViewController.m */ = {isa = PBXFileReference; lastKnownFileType = sourcecode.c.objc; path = ViewController.m; sourceTree = "<group>"; };
		4EBAC8511959F8D800554880 /* Images.xcassets */ = {isa = PBXFileReference; lastKnownFileType = folder.assetcatalog; path = Images.xcassets; sourceTree = "<group>"; };
		4EBAC8571959F8D800554880 /* HelloAppboyTests.xctest */ = {isa = PBXFileReference; explicitFileType = wrapper.cfbundle; includeInIndex = 0; path = HelloAppboyTests.xctest; sourceTree = BUILT_PRODUCTS_DIR; };
		4EBAC8581959F8D800554880 /* XCTest.framework */ = {isa = PBXFileReference; lastKnownFileType = wrapper.framework; name = XCTest.framework; path = Library/Frameworks/XCTest.framework; sourceTree = DEVELOPER_DIR; };
		4EBAC8601959F8D800554880 /* HelloAppboyTests-Info.plist */ = {isa = PBXFileReference; lastKnownFileType = text.plist.xml; path = "HelloAppboyTests-Info.plist"; sourceTree = "<group>"; };
		4EBAC8621959F8D800554880 /* en */ = {isa = PBXFileReference; lastKnownFileType = text.plist.strings; name = en; path = en.lproj/InfoPlist.strings; sourceTree = "<group>"; };
		4EBAC8641959F8D800554880 /* HelloAppboyTests.m */ = {isa = PBXFileReference; lastKnownFileType = sourcecode.c.objc; path = HelloAppboyTests.m; sourceTree = "<group>"; };
		4EBAC86E1959FC6200554880 /* like.png */ = {isa = PBXFileReference; lastKnownFileType = image.png; path = like.png; sourceTree = "<group>"; };
		4EBAC8701959FD0100554880 /* like@2x.png */ = {isa = PBXFileReference; lastKnownFileType = image.png; path = "like@2x.png"; sourceTree = "<group>"; };
		503CC9635F07C00D16ADA7F4 /* Pods-HelloAppboy.release.xcconfig */ = {isa = PBXFileReference; includeInIndex = 1; lastKnownFileType = text.xcconfig; name = "Pods-HelloAppboy.release.xcconfig"; path = "Pods/Target Support Files/Pods-HelloAppboy/Pods-HelloAppboy.release.xcconfig"; sourceTree = "<group>"; };
		7A10628A1F5C8E2FF6AB33B2 /* Pods.debug.xcconfig */ = {isa = PBXFileReference; includeInIndex = 1; lastKnownFileType = text.xcconfig; name = Pods.debug.xcconfig; path = "Pods/Target Support Files/Pods/Pods.debug.xcconfig"; sourceTree = "<group>"; };
		9750E9444D92A139D9FAA90F /* Pods.release.xcconfig */ = {isa = PBXFileReference; includeInIndex = 1; lastKnownFileType = text.xcconfig; name = Pods.release.xcconfig; path = "Pods/Target Support Files/Pods/Pods.release.xcconfig"; sourceTree = "<group>"; };
		A69D49CA07DE92962E0AFFB8 /* Pods-HelloAppboy.debug.xcconfig */ = {isa = PBXFileReference; includeInIndex = 1; lastKnownFileType = text.xcconfig; name = "Pods-HelloAppboy.debug.xcconfig"; path = "Pods/Target Support Files/Pods-HelloAppboy/Pods-HelloAppboy.debug.xcconfig"; sourceTree = "<group>"; };
		DA79D02A32EC424689103B6B /* libPods.a */ = {isa = PBXFileReference; explicitFileType = archive.ar; includeInIndex = 0; path = libPods.a; sourceTree = BUILT_PRODUCTS_DIR; };
		E4336804E93268FD0B366BBB /* libPods-HelloAppboy.a */ = {isa = PBXFileReference; explicitFileType = archive.ar; includeInIndex = 0; path = "libPods-HelloAppboy.a"; sourceTree = BUILT_PRODUCTS_DIR; };
/* End PBXFileReference section */

/* Begin PBXFrameworksBuildPhase section */
		4EBAC8331959F8D800554880 /* Frameworks */ = {
			isa = PBXFrameworksBuildPhase;
			buildActionMask = 2147483647;
			files = (
				4EBAC83C1959F8D800554880 /* CoreGraphics.framework in Frameworks */,
				4EBAC83E1959F8D800554880 /* UIKit.framework in Frameworks */,
				4EBAC83A1959F8D800554880 /* Foundation.framework in Frameworks */,
				144CE4CC85AB5D4F325123BA /* libPods-HelloAppboy.a in Frameworks */,
			);
			runOnlyForDeploymentPostprocessing = 0;
		};
		4EBAC8541959F8D800554880 /* Frameworks */ = {
			isa = PBXFrameworksBuildPhase;
			buildActionMask = 2147483647;
			files = (
				4EBAC8591959F8D800554880 /* XCTest.framework in Frameworks */,
				4EBAC85B1959F8D800554880 /* UIKit.framework in Frameworks */,
				4EBAC85A1959F8D800554880 /* Foundation.framework in Frameworks */,
			);
			runOnlyForDeploymentPostprocessing = 0;
		};
/* End PBXFrameworksBuildPhase section */

/* Begin PBXGroup section */
		188E328B17C89B20C78252D7 /* Pods */ = {
			isa = PBXGroup;
			children = (
				7A10628A1F5C8E2FF6AB33B2 /* Pods.debug.xcconfig */,
				9750E9444D92A139D9FAA90F /* Pods.release.xcconfig */,
				A69D49CA07DE92962E0AFFB8 /* Pods-HelloAppboy.debug.xcconfig */,
				503CC9635F07C00D16ADA7F4 /* Pods-HelloAppboy.release.xcconfig */,
			);
			name = Pods;
			sourceTree = "<group>";
		};
		4EBAC82D1959F8D800554880 = {
			isa = PBXGroup;
			children = (
				4EBAC83F1959F8D800554880 /* HelloAppboy */,
				4EBAC85E1959F8D800554880 /* HelloAppboyTests */,
				4EBAC8381959F8D800554880 /* Frameworks */,
				4EBAC8371959F8D800554880 /* Products */,
				188E328B17C89B20C78252D7 /* Pods */,
			);
			sourceTree = "<group>";
		};
		4EBAC8371959F8D800554880 /* Products */ = {
			isa = PBXGroup;
			children = (
				4EBAC8361959F8D800554880 /* HelloAppboy.app */,
				4EBAC8571959F8D800554880 /* HelloAppboyTests.xctest */,
			);
			name = Products;
			sourceTree = "<group>";
		};
		4EBAC8381959F8D800554880 /* Frameworks */ = {
			isa = PBXGroup;
			children = (
				4EBAC8391959F8D800554880 /* Foundation.framework */,
				4EBAC83B1959F8D800554880 /* CoreGraphics.framework */,
				4EBAC83D1959F8D800554880 /* UIKit.framework */,
				4EBAC8581959F8D800554880 /* XCTest.framework */,
				DA79D02A32EC424689103B6B /* libPods.a */,
				E4336804E93268FD0B366BBB /* libPods-HelloAppboy.a */,
			);
			name = Frameworks;
			sourceTree = "<group>";
		};
		4EBAC83F1959F8D800554880 /* HelloAppboy */ = {
			isa = PBXGroup;
			children = (
				4EBAC8701959FD0100554880 /* like@2x.png */,
				4EBAC86E1959FC6200554880 /* like.png */,
				4EBAC8481959F8D800554880 /* AppDelegate.h */,
				4EBAC8491959F8D800554880 /* AppDelegate.m */,
				4EBAC84B1959F8D800554880 /* Main.storyboard */,
				4EBAC84E1959F8D800554880 /* ViewController.h */,
				4EBAC84F1959F8D800554880 /* ViewController.m */,
				4EBAC8511959F8D800554880 /* Images.xcassets */,
				4EBAC8401959F8D800554880 /* Supporting Files */,
			);
			path = HelloAppboy;
			sourceTree = "<group>";
		};
		4EBAC8401959F8D800554880 /* Supporting Files */ = {
			isa = PBXGroup;
			children = (
				4EBAC8411959F8D800554880 /* HelloAppboy-Info.plist */,
				4EBAC8421959F8D800554880 /* InfoPlist.strings */,
				4EBAC8451959F8D800554880 /* main.m */,
				4EBAC8471959F8D800554880 /* HelloAppboy-Prefix.pch */,
			);
			name = "Supporting Files";
			sourceTree = "<group>";
		};
		4EBAC85E1959F8D800554880 /* HelloAppboyTests */ = {
			isa = PBXGroup;
			children = (
				4EBAC8641959F8D800554880 /* HelloAppboyTests.m */,
				4EBAC85F1959F8D800554880 /* Supporting Files */,
			);
			path = HelloAppboyTests;
			sourceTree = "<group>";
		};
		4EBAC85F1959F8D800554880 /* Supporting Files */ = {
			isa = PBXGroup;
			children = (
				4EBAC8601959F8D800554880 /* HelloAppboyTests-Info.plist */,
				4EBAC8611959F8D800554880 /* InfoPlist.strings */,
			);
			name = "Supporting Files";
			sourceTree = "<group>";
		};
/* End PBXGroup section */

/* Begin PBXNativeTarget section */
		4EBAC8351959F8D800554880 /* HelloAppboy */ = {
			isa = PBXNativeTarget;
			buildConfigurationList = 4EBAC8681959F8D800554880 /* Build configuration list for PBXNativeTarget "HelloAppboy" */;
			buildPhases = (
				B3084867085F4470A9336970 /* [CP] Check Pods Manifest.lock */,
				4EBAC8321959F8D800554880 /* Sources */,
				4EBAC8331959F8D800554880 /* Frameworks */,
				4EBAC8341959F8D800554880 /* Resources */,
				920546BA04EF4C2C91F52278 /* [CP] Copy Pods Resources */,
			);
			buildRules = (
			);
			dependencies = (
			);
			name = HelloAppboy;
			productName = HelloAppboy;
			productReference = 4EBAC8361959F8D800554880 /* HelloAppboy.app */;
			productType = "com.apple.product-type.application";
		};
		4EBAC8561959F8D800554880 /* HelloAppboyTests */ = {
			isa = PBXNativeTarget;
			buildConfigurationList = 4EBAC86B1959F8D800554880 /* Build configuration list for PBXNativeTarget "HelloAppboyTests" */;
			buildPhases = (
				4EBAC8531959F8D800554880 /* Sources */,
				4EBAC8541959F8D800554880 /* Frameworks */,
				4EBAC8551959F8D800554880 /* Resources */,
			);
			buildRules = (
			);
			dependencies = (
				4EBAC85D1959F8D800554880 /* PBXTargetDependency */,
			);
			name = HelloAppboyTests;
			productName = HelloAppboyTests;
			productReference = 4EBAC8571959F8D800554880 /* HelloAppboyTests.xctest */;
			productType = "com.apple.product-type.bundle.unit-test";
		};
/* End PBXNativeTarget section */

/* Begin PBXProject section */
		4EBAC82E1959F8D800554880 /* Project object */ = {
			isa = PBXProject;
			attributes = {
				LastUpgradeCheck = 0510;
				ORGANIZATIONNAME = Appboy;
				TargetAttributes = {
					4EBAC8351959F8D800554880 = {
						DevelopmentTeam = 5GLZKGNWQ3;
						ProvisioningStyle = Manual;
					};
					4EBAC8561959F8D800554880 = {
						TestTargetID = 4EBAC8351959F8D800554880;
					};
				};
			};
			buildConfigurationList = 4EBAC8311959F8D800554880 /* Build configuration list for PBXProject "HelloAppboy" */;
			compatibilityVersion = "Xcode 3.2";
			developmentRegion = English;
			hasScannedForEncodings = 0;
			knownRegions = (
				en,
				Base,
			);
			mainGroup = 4EBAC82D1959F8D800554880;
			productRefGroup = 4EBAC8371959F8D800554880 /* Products */;
			projectDirPath = "";
			projectRoot = "";
			targets = (
				4EBAC8351959F8D800554880 /* HelloAppboy */,
				4EBAC8561959F8D800554880 /* HelloAppboyTests */,
			);
		};
/* End PBXProject section */

/* Begin PBXResourcesBuildPhase section */
		4EBAC8341959F8D800554880 /* Resources */ = {
			isa = PBXResourcesBuildPhase;
			buildActionMask = 2147483647;
			files = (
				4EBAC86F1959FC6200554880 /* like.png in Resources */,
				4EBAC8521959F8D800554880 /* Images.xcassets in Resources */,
				4EBAC8441959F8D800554880 /* InfoPlist.strings in Resources */,
				4EBAC84D1959F8D800554880 /* Main.storyboard in Resources */,
				4EBAC8711959FD0100554880 /* like@2x.png in Resources */,
			);
			runOnlyForDeploymentPostprocessing = 0;
		};
		4EBAC8551959F8D800554880 /* Resources */ = {
			isa = PBXResourcesBuildPhase;
			buildActionMask = 2147483647;
			files = (
				4EBAC8631959F8D800554880 /* InfoPlist.strings in Resources */,
			);
			runOnlyForDeploymentPostprocessing = 0;
		};
/* End PBXResourcesBuildPhase section */

/* Begin PBXShellScriptBuildPhase section */
		920546BA04EF4C2C91F52278 /* [CP] Copy Pods Resources */ = {
			isa = PBXShellScriptBuildPhase;
			buildActionMask = 2147483647;
			files = (
			);
			inputPaths = (
				"${SRCROOT}/Pods/Target Support Files/Pods-HelloAppboy/Pods-HelloAppboy-resources.sh",
				"${PODS_ROOT}/Appboy-iOS-SDK/AppboyUI/ABKFeedbackViewController/Feedback_Resources/ABKModalFeedbackViewController.xib",
				"${PODS_ROOT}/Appboy-iOS-SDK/AppboyUI/ABKFeedbackViewController/Feedback_Resources/ABKNavigationFeedbackViewController.xib",
				"${PODS_ROOT}/Appboy-iOS-SDK/AppboyUI/ABKFeedbackViewController/Feedback_Resources/ar.lproj/AppboyFeedbackLocalizable.strings",
				"${PODS_ROOT}/Appboy-iOS-SDK/AppboyUI/ABKFeedbackViewController/Feedback_Resources/Base.lproj/AppboyFeedbackLocalizable.strings",
				"${PODS_ROOT}/Appboy-iOS-SDK/AppboyUI/ABKFeedbackViewController/Feedback_Resources/da.lproj/AppboyFeedbackLocalizable.strings",
				"${PODS_ROOT}/Appboy-iOS-SDK/AppboyUI/ABKFeedbackViewController/Feedback_Resources/de.lproj/AppboyFeedbackLocalizable.strings",
				"${PODS_ROOT}/Appboy-iOS-SDK/AppboyUI/ABKFeedbackViewController/Feedback_Resources/en.lproj/AppboyFeedbackLocalizable.strings",
				"${PODS_ROOT}/Appboy-iOS-SDK/AppboyUI/ABKFeedbackViewController/Feedback_Resources/es-419.lproj/AppboyFeedbackLocalizable.strings",
				"${PODS_ROOT}/Appboy-iOS-SDK/AppboyUI/ABKFeedbackViewController/Feedback_Resources/es-MX.lproj/AppboyFeedbackLocalizable.strings",
				"${PODS_ROOT}/Appboy-iOS-SDK/AppboyUI/ABKFeedbackViewController/Feedback_Resources/es.lproj/AppboyFeedbackLocalizable.strings",
				"${PODS_ROOT}/Appboy-iOS-SDK/AppboyUI/ABKFeedbackViewController/Feedback_Resources/et.lproj/AppboyFeedbackLocalizable.strings",
				"${PODS_ROOT}/Appboy-iOS-SDK/AppboyUI/ABKFeedbackViewController/Feedback_Resources/fi.lproj/AppboyFeedbackLocalizable.strings",
				"${PODS_ROOT}/Appboy-iOS-SDK/AppboyUI/ABKFeedbackViewController/Feedback_Resources/fil.lproj/AppboyFeedbackLocalizable.strings",
				"${PODS_ROOT}/Appboy-iOS-SDK/AppboyUI/ABKFeedbackViewController/Feedback_Resources/fr.lproj/AppboyFeedbackLocalizable.strings",
				"${PODS_ROOT}/Appboy-iOS-SDK/AppboyUI/ABKFeedbackViewController/Feedback_Resources/he.lproj/AppboyFeedbackLocalizable.strings",
				"${PODS_ROOT}/Appboy-iOS-SDK/AppboyUI/ABKFeedbackViewController/Feedback_Resources/hi.lproj/AppboyFeedbackLocalizable.strings",
				"${PODS_ROOT}/Appboy-iOS-SDK/AppboyUI/ABKFeedbackViewController/Feedback_Resources/id.lproj/AppboyFeedbackLocalizable.strings",
				"${PODS_ROOT}/Appboy-iOS-SDK/AppboyUI/ABKFeedbackViewController/Feedback_Resources/images/checkmark-bg.png",
				"${PODS_ROOT}/Appboy-iOS-SDK/AppboyUI/ABKFeedbackViewController/Feedback_Resources/images/checkmark-bg@2x.png",
				"${PODS_ROOT}/Appboy-iOS-SDK/AppboyUI/ABKFeedbackViewController/Feedback_Resources/images/checkmark.png",
				"${PODS_ROOT}/Appboy-iOS-SDK/AppboyUI/ABKFeedbackViewController/Feedback_Resources/images/checkmark@2x.png",
				"${PODS_ROOT}/Appboy-iOS-SDK/AppboyUI/ABKFeedbackViewController/Feedback_Resources/it.lproj/AppboyFeedbackLocalizable.strings",
				"${PODS_ROOT}/Appboy-iOS-SDK/AppboyUI/ABKFeedbackViewController/Feedback_Resources/ja.lproj/AppboyFeedbackLocalizable.strings",
				"${PODS_ROOT}/Appboy-iOS-SDK/AppboyUI/ABKFeedbackViewController/Feedback_Resources/km.lproj/AppboyFeedbackLocalizable.strings",
				"${PODS_ROOT}/Appboy-iOS-SDK/AppboyUI/ABKFeedbackViewController/Feedback_Resources/ko.lproj/AppboyFeedbackLocalizable.strings",
				"${PODS_ROOT}/Appboy-iOS-SDK/AppboyUI/ABKFeedbackViewController/Feedback_Resources/lo.lproj/AppboyFeedbackLocalizable.strings",
				"${PODS_ROOT}/Appboy-iOS-SDK/AppboyUI/ABKFeedbackViewController/Feedback_Resources/ms.lproj/AppboyFeedbackLocalizable.strings",
				"${PODS_ROOT}/Appboy-iOS-SDK/AppboyUI/ABKFeedbackViewController/Feedback_Resources/my.lproj/AppboyFeedbackLocalizable.strings",
				"${PODS_ROOT}/Appboy-iOS-SDK/AppboyUI/ABKFeedbackViewController/Feedback_Resources/nb.lproj/AppboyFeedbackLocalizable.strings",
				"${PODS_ROOT}/Appboy-iOS-SDK/AppboyUI/ABKFeedbackViewController/Feedback_Resources/nl.lproj/AppboyFeedbackLocalizable.strings",
				"${PODS_ROOT}/Appboy-iOS-SDK/AppboyUI/ABKFeedbackViewController/Feedback_Resources/pl.lproj/AppboyFeedbackLocalizable.strings",
				"${PODS_ROOT}/Appboy-iOS-SDK/AppboyUI/ABKFeedbackViewController/Feedback_Resources/pt-PT.lproj/AppboyFeedbackLocalizable.strings",
				"${PODS_ROOT}/Appboy-iOS-SDK/AppboyUI/ABKFeedbackViewController/Feedback_Resources/pt.lproj/AppboyFeedbackLocalizable.strings",
				"${PODS_ROOT}/Appboy-iOS-SDK/AppboyUI/ABKFeedbackViewController/Feedback_Resources/ru.lproj/AppboyFeedbackLocalizable.strings",
				"${PODS_ROOT}/Appboy-iOS-SDK/AppboyUI/ABKFeedbackViewController/Feedback_Resources/sv.lproj/AppboyFeedbackLocalizable.strings",
				"${PODS_ROOT}/Appboy-iOS-SDK/AppboyUI/ABKFeedbackViewController/Feedback_Resources/th.lproj/AppboyFeedbackLocalizable.strings",
				"${PODS_ROOT}/Appboy-iOS-SDK/AppboyUI/ABKFeedbackViewController/Feedback_Resources/vi.lproj/AppboyFeedbackLocalizable.strings",
				"${PODS_ROOT}/Appboy-iOS-SDK/AppboyUI/ABKFeedbackViewController/Feedback_Resources/zh-Hans.lproj/AppboyFeedbackLocalizable.strings",
				"${PODS_ROOT}/Appboy-iOS-SDK/AppboyUI/ABKFeedbackViewController/Feedback_Resources/zh-Hant.lproj/AppboyFeedbackLocalizable.strings",
				"${PODS_ROOT}/Appboy-iOS-SDK/AppboyUI/ABKFeedbackViewController/Feedback_Resources/zh-HK.lproj/AppboyFeedbackLocalizable.strings",
				"${PODS_ROOT}/Appboy-iOS-SDK/AppboyUI/ABKFeedbackViewController/Feedback_Resources/zh-TW.lproj/AppboyFeedbackLocalizable.strings",
				"${PODS_ROOT}/Appboy-iOS-SDK/AppboyUI/ABKFeedbackViewController/Feedback_Resources/zh.lproj/AppboyFeedbackLocalizable.strings",
				"${PODS_ROOT}/Appboy-iOS-SDK/AppboyUI/ABKFeedbackViewController/Feedback_Resources/ar.lproj",
				"${PODS_ROOT}/Appboy-iOS-SDK/AppboyUI/ABKFeedbackViewController/Feedback_Resources/Base.lproj",
				"${PODS_ROOT}/Appboy-iOS-SDK/AppboyUI/ABKFeedbackViewController/Feedback_Resources/da.lproj",
				"${PODS_ROOT}/Appboy-iOS-SDK/AppboyUI/ABKFeedbackViewController/Feedback_Resources/de.lproj",
				"${PODS_ROOT}/Appboy-iOS-SDK/AppboyUI/ABKFeedbackViewController/Feedback_Resources/en.lproj",
				"${PODS_ROOT}/Appboy-iOS-SDK/AppboyUI/ABKFeedbackViewController/Feedback_Resources/es-419.lproj",
				"${PODS_ROOT}/Appboy-iOS-SDK/AppboyUI/ABKFeedbackViewController/Feedback_Resources/es-MX.lproj",
				"${PODS_ROOT}/Appboy-iOS-SDK/AppboyUI/ABKFeedbackViewController/Feedback_Resources/es.lproj",
				"${PODS_ROOT}/Appboy-iOS-SDK/AppboyUI/ABKFeedbackViewController/Feedback_Resources/et.lproj",
				"${PODS_ROOT}/Appboy-iOS-SDK/AppboyUI/ABKFeedbackViewController/Feedback_Resources/fi.lproj",
				"${PODS_ROOT}/Appboy-iOS-SDK/AppboyUI/ABKFeedbackViewController/Feedback_Resources/fil.lproj",
				"${PODS_ROOT}/Appboy-iOS-SDK/AppboyUI/ABKFeedbackViewController/Feedback_Resources/fr.lproj",
				"${PODS_ROOT}/Appboy-iOS-SDK/AppboyUI/ABKFeedbackViewController/Feedback_Resources/he.lproj",
				"${PODS_ROOT}/Appboy-iOS-SDK/AppboyUI/ABKFeedbackViewController/Feedback_Resources/hi.lproj",
				"${PODS_ROOT}/Appboy-iOS-SDK/AppboyUI/ABKFeedbackViewController/Feedback_Resources/id.lproj",
				"${PODS_ROOT}/Appboy-iOS-SDK/AppboyUI/ABKFeedbackViewController/Feedback_Resources/it.lproj",
				"${PODS_ROOT}/Appboy-iOS-SDK/AppboyUI/ABKFeedbackViewController/Feedback_Resources/ja.lproj",
				"${PODS_ROOT}/Appboy-iOS-SDK/AppboyUI/ABKFeedbackViewController/Feedback_Resources/km.lproj",
				"${PODS_ROOT}/Appboy-iOS-SDK/AppboyUI/ABKFeedbackViewController/Feedback_Resources/ko.lproj",
				"${PODS_ROOT}/Appboy-iOS-SDK/AppboyUI/ABKFeedbackViewController/Feedback_Resources/lo.lproj",
				"${PODS_ROOT}/Appboy-iOS-SDK/AppboyUI/ABKFeedbackViewController/Feedback_Resources/ms.lproj",
				"${PODS_ROOT}/Appboy-iOS-SDK/AppboyUI/ABKFeedbackViewController/Feedback_Resources/my.lproj",
				"${PODS_ROOT}/Appboy-iOS-SDK/AppboyUI/ABKFeedbackViewController/Feedback_Resources/nb.lproj",
				"${PODS_ROOT}/Appboy-iOS-SDK/AppboyUI/ABKFeedbackViewController/Feedback_Resources/nl.lproj",
				"${PODS_ROOT}/Appboy-iOS-SDK/AppboyUI/ABKFeedbackViewController/Feedback_Resources/pl.lproj",
				"${PODS_ROOT}/Appboy-iOS-SDK/AppboyUI/ABKFeedbackViewController/Feedback_Resources/pt-PT.lproj",
				"${PODS_ROOT}/Appboy-iOS-SDK/AppboyUI/ABKFeedbackViewController/Feedback_Resources/pt.lproj",
				"${PODS_ROOT}/Appboy-iOS-SDK/AppboyUI/ABKFeedbackViewController/Feedback_Resources/ru.lproj",
				"${PODS_ROOT}/Appboy-iOS-SDK/AppboyUI/ABKFeedbackViewController/Feedback_Resources/sv.lproj",
				"${PODS_ROOT}/Appboy-iOS-SDK/AppboyUI/ABKFeedbackViewController/Feedback_Resources/th.lproj",
				"${PODS_ROOT}/Appboy-iOS-SDK/AppboyUI/ABKFeedbackViewController/Feedback_Resources/vi.lproj",
				"${PODS_ROOT}/Appboy-iOS-SDK/AppboyUI/ABKFeedbackViewController/Feedback_Resources/zh-Hans.lproj",
				"${PODS_ROOT}/Appboy-iOS-SDK/AppboyUI/ABKFeedbackViewController/Feedback_Resources/zh-Hant.lproj",
				"${PODS_ROOT}/Appboy-iOS-SDK/AppboyUI/ABKFeedbackViewController/Feedback_Resources/zh-HK.lproj",
				"${PODS_ROOT}/Appboy-iOS-SDK/AppboyUI/ABKFeedbackViewController/Feedback_Resources/zh-TW.lproj",
				"${PODS_ROOT}/Appboy-iOS-SDK/AppboyUI/ABKFeedbackViewController/Feedback_Resources/zh.lproj",
				"${PODS_ROOT}/Appboy-iOS-SDK/AppboyUI/InAppMessage/Resources/ABKInAppMessageFullViewController.xib",
				"${PODS_ROOT}/Appboy-iOS-SDK/AppboyUI/InAppMessage/Resources/ABKInAppMessageHTMLFullViewController.xib",
				"${PODS_ROOT}/Appboy-iOS-SDK/AppboyUI/InAppMessage/Resources/ABKInAppMessageModalViewController.xib",
				"${PODS_ROOT}/Appboy-iOS-SDK/AppboyUI/InAppMessage/Resources/ABKInAppMessageSlideupViewController.xib",
				"${PODS_ROOT}/Appboy-iOS-SDK/AppboyUI/InAppMessage/Resources/arrow.png",
				"${PODS_ROOT}/Appboy-iOS-SDK/AppboyUI/InAppMessage/Resources/arrow@2x.png",
				"${PODS_ROOT}/Appboy-iOS-SDK/AppboyUI/InAppMessage/Resources/com_appboy_inapp_close_icon.png",
				"${PODS_ROOT}/Appboy-iOS-SDK/AppboyUI/InAppMessage/Resources/com_appboy_inapp_close_icon@2x.png",
				"${PODS_ROOT}/Appboy-iOS-SDK/AppboyUI/InAppMessage/Resources/com_appboy_inapp_close_icon@3x.png",
				"${PODS_ROOT}/Appboy-iOS-SDK/AppboyUI/InAppMessage/Resources/FontAwesome.otf",
				"${PODS_ROOT}/Appboy-iOS-SDK/AppboyUI/InAppMessage/Resources/SlideupArrow.png",
				"${PODS_ROOT}/Appboy-iOS-SDK/AppboyKit/Appboy.bundle",
			);
			name = "[CP] Copy Pods Resources";
			outputPaths = (
				"${TARGET_BUILD_DIR}/${UNLOCALIZED_RESOURCES_FOLDER_PATH}/ABKModalFeedbackViewController.nib",
				"${TARGET_BUILD_DIR}/${UNLOCALIZED_RESOURCES_FOLDER_PATH}/ABKNavigationFeedbackViewController.nib",
				"${TARGET_BUILD_DIR}/${UNLOCALIZED_RESOURCES_FOLDER_PATH}/AppboyFeedbackLocalizable.strings",
				"${TARGET_BUILD_DIR}/${UNLOCALIZED_RESOURCES_FOLDER_PATH}/checkmark-bg.png",
				"${TARGET_BUILD_DIR}/${UNLOCALIZED_RESOURCES_FOLDER_PATH}/checkmark-bg@2x.png",
				"${TARGET_BUILD_DIR}/${UNLOCALIZED_RESOURCES_FOLDER_PATH}/checkmark.png",
				"${TARGET_BUILD_DIR}/${UNLOCALIZED_RESOURCES_FOLDER_PATH}/checkmark@2x.png",
				"${TARGET_BUILD_DIR}/${UNLOCALIZED_RESOURCES_FOLDER_PATH}/ar.lproj",
				"${TARGET_BUILD_DIR}/${UNLOCALIZED_RESOURCES_FOLDER_PATH}/Base.lproj",
				"${TARGET_BUILD_DIR}/${UNLOCALIZED_RESOURCES_FOLDER_PATH}/da.lproj",
				"${TARGET_BUILD_DIR}/${UNLOCALIZED_RESOURCES_FOLDER_PATH}/de.lproj",
				"${TARGET_BUILD_DIR}/${UNLOCALIZED_RESOURCES_FOLDER_PATH}/en.lproj",
				"${TARGET_BUILD_DIR}/${UNLOCALIZED_RESOURCES_FOLDER_PATH}/es-419.lproj",
				"${TARGET_BUILD_DIR}/${UNLOCALIZED_RESOURCES_FOLDER_PATH}/es-MX.lproj",
				"${TARGET_BUILD_DIR}/${UNLOCALIZED_RESOURCES_FOLDER_PATH}/es.lproj",
				"${TARGET_BUILD_DIR}/${UNLOCALIZED_RESOURCES_FOLDER_PATH}/et.lproj",
				"${TARGET_BUILD_DIR}/${UNLOCALIZED_RESOURCES_FOLDER_PATH}/fi.lproj",
				"${TARGET_BUILD_DIR}/${UNLOCALIZED_RESOURCES_FOLDER_PATH}/fil.lproj",
				"${TARGET_BUILD_DIR}/${UNLOCALIZED_RESOURCES_FOLDER_PATH}/fr.lproj",
				"${TARGET_BUILD_DIR}/${UNLOCALIZED_RESOURCES_FOLDER_PATH}/he.lproj",
				"${TARGET_BUILD_DIR}/${UNLOCALIZED_RESOURCES_FOLDER_PATH}/hi.lproj",
				"${TARGET_BUILD_DIR}/${UNLOCALIZED_RESOURCES_FOLDER_PATH}/id.lproj",
				"${TARGET_BUILD_DIR}/${UNLOCALIZED_RESOURCES_FOLDER_PATH}/it.lproj",
				"${TARGET_BUILD_DIR}/${UNLOCALIZED_RESOURCES_FOLDER_PATH}/ja.lproj",
				"${TARGET_BUILD_DIR}/${UNLOCALIZED_RESOURCES_FOLDER_PATH}/km.lproj",
				"${TARGET_BUILD_DIR}/${UNLOCALIZED_RESOURCES_FOLDER_PATH}/ko.lproj",
				"${TARGET_BUILD_DIR}/${UNLOCALIZED_RESOURCES_FOLDER_PATH}/lo.lproj",
				"${TARGET_BUILD_DIR}/${UNLOCALIZED_RESOURCES_FOLDER_PATH}/ms.lproj",
				"${TARGET_BUILD_DIR}/${UNLOCALIZED_RESOURCES_FOLDER_PATH}/my.lproj",
				"${TARGET_BUILD_DIR}/${UNLOCALIZED_RESOURCES_FOLDER_PATH}/nb.lproj",
				"${TARGET_BUILD_DIR}/${UNLOCALIZED_RESOURCES_FOLDER_PATH}/nl.lproj",
				"${TARGET_BUILD_DIR}/${UNLOCALIZED_RESOURCES_FOLDER_PATH}/pl.lproj",
				"${TARGET_BUILD_DIR}/${UNLOCALIZED_RESOURCES_FOLDER_PATH}/pt-PT.lproj",
				"${TARGET_BUILD_DIR}/${UNLOCALIZED_RESOURCES_FOLDER_PATH}/pt.lproj",
				"${TARGET_BUILD_DIR}/${UNLOCALIZED_RESOURCES_FOLDER_PATH}/ru.lproj",
				"${TARGET_BUILD_DIR}/${UNLOCALIZED_RESOURCES_FOLDER_PATH}/sv.lproj",
				"${TARGET_BUILD_DIR}/${UNLOCALIZED_RESOURCES_FOLDER_PATH}/th.lproj",
				"${TARGET_BUILD_DIR}/${UNLOCALIZED_RESOURCES_FOLDER_PATH}/vi.lproj",
				"${TARGET_BUILD_DIR}/${UNLOCALIZED_RESOURCES_FOLDER_PATH}/zh-Hans.lproj",
				"${TARGET_BUILD_DIR}/${UNLOCALIZED_RESOURCES_FOLDER_PATH}/zh-Hant.lproj",
				"${TARGET_BUILD_DIR}/${UNLOCALIZED_RESOURCES_FOLDER_PATH}/zh-HK.lproj",
				"${TARGET_BUILD_DIR}/${UNLOCALIZED_RESOURCES_FOLDER_PATH}/zh-TW.lproj",
				"${TARGET_BUILD_DIR}/${UNLOCALIZED_RESOURCES_FOLDER_PATH}/zh.lproj",
				"${TARGET_BUILD_DIR}/${UNLOCALIZED_RESOURCES_FOLDER_PATH}/ABKInAppMessageFullViewController.nib",
				"${TARGET_BUILD_DIR}/${UNLOCALIZED_RESOURCES_FOLDER_PATH}/ABKInAppMessageHTMLFullViewController.nib",
				"${TARGET_BUILD_DIR}/${UNLOCALIZED_RESOURCES_FOLDER_PATH}/ABKInAppMessageModalViewController.nib",
				"${TARGET_BUILD_DIR}/${UNLOCALIZED_RESOURCES_FOLDER_PATH}/ABKInAppMessageSlideupViewController.nib",
				"${TARGET_BUILD_DIR}/${UNLOCALIZED_RESOURCES_FOLDER_PATH}/arrow.png",
				"${TARGET_BUILD_DIR}/${UNLOCALIZED_RESOURCES_FOLDER_PATH}/arrow@2x.png",
				"${TARGET_BUILD_DIR}/${UNLOCALIZED_RESOURCES_FOLDER_PATH}/com_appboy_inapp_close_icon.png",
				"${TARGET_BUILD_DIR}/${UNLOCALIZED_RESOURCES_FOLDER_PATH}/com_appboy_inapp_close_icon@2x.png",
				"${TARGET_BUILD_DIR}/${UNLOCALIZED_RESOURCES_FOLDER_PATH}/com_appboy_inapp_close_icon@3x.png",
				"${TARGET_BUILD_DIR}/${UNLOCALIZED_RESOURCES_FOLDER_PATH}/FontAwesome.otf",
				"${TARGET_BUILD_DIR}/${UNLOCALIZED_RESOURCES_FOLDER_PATH}/SlideupArrow.png",
				"${TARGET_BUILD_DIR}/${UNLOCALIZED_RESOURCES_FOLDER_PATH}/Appboy.bundle",
			);
			runOnlyForDeploymentPostprocessing = 0;
			shellPath = /bin/sh;
			shellScript = "\"${SRCROOT}/Pods/Target Support Files/Pods-HelloAppboy/Pods-HelloAppboy-resources.sh\"\n";
			showEnvVarsInLog = 0;
		};
		B3084867085F4470A9336970 /* [CP] Check Pods Manifest.lock */ = {
			isa = PBXShellScriptBuildPhase;
			buildActionMask = 2147483647;
			files = (
			);
			inputPaths = (
				"${PODS_PODFILE_DIR_PATH}/Podfile.lock",
				"${PODS_ROOT}/Manifest.lock",
			);
			name = "[CP] Check Pods Manifest.lock";
			outputPaths = (
				"$(DERIVED_FILE_DIR)/Pods-HelloAppboy-checkManifestLockResult.txt",
			);
			runOnlyForDeploymentPostprocessing = 0;
			shellPath = /bin/sh;
			shellScript = "diff \"${PODS_PODFILE_DIR_PATH}/Podfile.lock\" \"${PODS_ROOT}/Manifest.lock\" > /dev/null\nif [ $? != 0 ] ; then\n    # print error to STDERR\n    echo \"error: The sandbox is not in sync with the Podfile.lock. Run 'pod install' or update your CocoaPods installation.\" >&2\n    exit 1\nfi\n# This output is used by Xcode 'outputs' to avoid re-running this script phase.\necho \"SUCCESS\" > \"${SCRIPT_OUTPUT_FILE_0}\"\n";
			showEnvVarsInLog = 0;
		};
/* End PBXShellScriptBuildPhase section */

/* Begin PBXSourcesBuildPhase section */
		4EBAC8321959F8D800554880 /* Sources */ = {
			isa = PBXSourcesBuildPhase;
			buildActionMask = 2147483647;
			files = (
				4EBAC8501959F8D800554880 /* ViewController.m in Sources */,
				4EBAC84A1959F8D800554880 /* AppDelegate.m in Sources */,
				4EBAC8461959F8D800554880 /* main.m in Sources */,
			);
			runOnlyForDeploymentPostprocessing = 0;
		};
		4EBAC8531959F8D800554880 /* Sources */ = {
			isa = PBXSourcesBuildPhase;
			buildActionMask = 2147483647;
			files = (
				4EBAC8651959F8D800554880 /* HelloAppboyTests.m in Sources */,
			);
			runOnlyForDeploymentPostprocessing = 0;
		};
/* End PBXSourcesBuildPhase section */

/* Begin PBXTargetDependency section */
		4EBAC85D1959F8D800554880 /* PBXTargetDependency */ = {
			isa = PBXTargetDependency;
			target = 4EBAC8351959F8D800554880 /* HelloAppboy */;
			targetProxy = 4EBAC85C1959F8D800554880 /* PBXContainerItemProxy */;
		};
/* End PBXTargetDependency section */

/* Begin PBXVariantGroup section */
		4EBAC8421959F8D800554880 /* InfoPlist.strings */ = {
			isa = PBXVariantGroup;
			children = (
				4EBAC8431959F8D800554880 /* en */,
			);
			name = InfoPlist.strings;
			sourceTree = "<group>";
		};
		4EBAC84B1959F8D800554880 /* Main.storyboard */ = {
			isa = PBXVariantGroup;
			children = (
				4EBAC84C1959F8D800554880 /* Base */,
			);
			name = Main.storyboard;
			sourceTree = "<group>";
		};
		4EBAC8611959F8D800554880 /* InfoPlist.strings */ = {
			isa = PBXVariantGroup;
			children = (
				4EBAC8621959F8D800554880 /* en */,
			);
			name = InfoPlist.strings;
			sourceTree = "<group>";
		};
/* End PBXVariantGroup section */

/* Begin XCBuildConfiguration section */
		4EBAC8661959F8D800554880 /* Debug */ = {
			isa = XCBuildConfiguration;
			buildSettings = {
				ALWAYS_SEARCH_USER_PATHS = NO;
				CLANG_CXX_LANGUAGE_STANDARD = "gnu++0x";
				CLANG_CXX_LIBRARY = "libc++";
				CLANG_ENABLE_MODULES = YES;
				CLANG_ENABLE_OBJC_ARC = YES;
				CLANG_WARN_BOOL_CONVERSION = YES;
				CLANG_WARN_CONSTANT_CONVERSION = YES;
				CLANG_WARN_DIRECT_OBJC_ISA_USAGE = YES_ERROR;
				CLANG_WARN_EMPTY_BODY = YES;
				CLANG_WARN_ENUM_CONVERSION = YES;
				CLANG_WARN_INT_CONVERSION = YES;
				CLANG_WARN_OBJC_ROOT_CLASS = YES_ERROR;
				CLANG_WARN__DUPLICATE_METHOD_MATCH = YES;
				CODE_SIGN_IDENTITY = "iPhone Developer: Appboy Appboy (QWFN3H2ZPW)";
				"CODE_SIGN_IDENTITY[sdk=iphoneos*]" = "iPhone Developer: Appboy Appboy (QWFN3H2ZPW)";
				COPY_PHASE_STRIP = NO;
				GCC_C_LANGUAGE_STANDARD = gnu99;
				GCC_DYNAMIC_NO_PIC = NO;
				GCC_OPTIMIZATION_LEVEL = 0;
				GCC_PREPROCESSOR_DEFINITIONS = (
					"DEBUG=1",
					"$(inherited)",
				);
				GCC_SYMBOLS_PRIVATE_EXTERN = NO;
				GCC_WARN_64_TO_32_BIT_CONVERSION = YES;
				GCC_WARN_ABOUT_RETURN_TYPE = YES_ERROR;
				GCC_WARN_UNDECLARED_SELECTOR = YES;
				GCC_WARN_UNINITIALIZED_AUTOS = YES_AGGRESSIVE;
				GCC_WARN_UNUSED_FUNCTION = YES;
				GCC_WARN_UNUSED_VARIABLE = YES;
				IPHONEOS_DEPLOYMENT_TARGET = 9.0;
				ONLY_ACTIVE_ARCH = YES;
				PROVISIONING_PROFILE = "$(sigh_com.appboy.HelloAppboy_development)";
				PROVISIONING_PROFILE_SPECIFIER = "match Development com.appboy.HelloAppboy";
				SDKROOT = iphoneos;
			};
			name = Debug;
		};
		4EBAC8671959F8D800554880 /* Release */ = {
			isa = XCBuildConfiguration;
			buildSettings = {
				ALWAYS_SEARCH_USER_PATHS = NO;
				CLANG_CXX_LANGUAGE_STANDARD = "gnu++0x";
				CLANG_CXX_LIBRARY = "libc++";
				CLANG_ENABLE_MODULES = YES;
				CLANG_ENABLE_OBJC_ARC = YES;
				CLANG_WARN_BOOL_CONVERSION = YES;
				CLANG_WARN_CONSTANT_CONVERSION = YES;
				CLANG_WARN_DIRECT_OBJC_ISA_USAGE = YES_ERROR;
				CLANG_WARN_EMPTY_BODY = YES;
				CLANG_WARN_ENUM_CONVERSION = YES;
				CLANG_WARN_INT_CONVERSION = YES;
				CLANG_WARN_OBJC_ROOT_CLASS = YES_ERROR;
				CLANG_WARN__DUPLICATE_METHOD_MATCH = YES;
				CODE_SIGN_IDENTITY = "iPhone Developer: Appboy Appboy (QWFN3H2ZPW)";
				"CODE_SIGN_IDENTITY[sdk=iphoneos*]" = "iPhone Developer: Appboy Appboy (QWFN3H2ZPW)";
				COPY_PHASE_STRIP = YES;
				ENABLE_NS_ASSERTIONS = NO;
				GCC_C_LANGUAGE_STANDARD = gnu99;
				GCC_WARN_64_TO_32_BIT_CONVERSION = YES;
				GCC_WARN_ABOUT_RETURN_TYPE = YES_ERROR;
				GCC_WARN_UNDECLARED_SELECTOR = YES;
				GCC_WARN_UNINITIALIZED_AUTOS = YES_AGGRESSIVE;
				GCC_WARN_UNUSED_FUNCTION = YES;
				GCC_WARN_UNUSED_VARIABLE = YES;
				IPHONEOS_DEPLOYMENT_TARGET = 9.0;
				PROVISIONING_PROFILE = "$(sigh_com.appboy.HelloAppboy_development)";
				PROVISIONING_PROFILE_SPECIFIER = "match Development com.appboy.HelloAppboy";
				SDKROOT = iphoneos;
				VALIDATE_PRODUCT = YES;
			};
			name = Release;
		};
		4EBAC8691959F8D800554880 /* Debug */ = {
			isa = XCBuildConfiguration;
			baseConfigurationReference = A69D49CA07DE92962E0AFFB8 /* Pods-HelloAppboy.debug.xcconfig */;
			buildSettings = {
				ASSETCATALOG_COMPILER_APPICON_NAME = AppIcon;
				ASSETCATALOG_COMPILER_LAUNCHIMAGE_NAME = LaunchImage;
				CODE_SIGN_IDENTITY = "iPhone Developer: Appboy Appboy (QWFN3H2ZPW)";
				"CODE_SIGN_IDENTITY[sdk=iphoneos*]" = "iPhone Developer: Appboy Appboy (QWFN3H2ZPW)";
				DEVELOPMENT_TEAM = 5GLZKGNWQ3;
				GCC_PRECOMPILE_PREFIX_HEADER = YES;
				GCC_PREFIX_HEADER = "HelloAppboy/HelloAppboy-Prefix.pch";
				INFOPLIST_FILE = "HelloAppboy/HelloAppboy-Info.plist";
				IPHONEOS_DEPLOYMENT_TARGET = 9.0;
				PRODUCT_BUNDLE_IDENTIFIER = com.appboy.HelloAppboy;
				PRODUCT_NAME = "$(TARGET_NAME)";
				PROVISIONING_PROFILE = "";
				PROVISIONING_PROFILE_SPECIFIER = "match Development com.appboy.HelloAppboy";
				WRAPPER_EXTENSION = app;
			};
			name = Debug;
		};
		4EBAC86A1959F8D800554880 /* Release */ = {
			isa = XCBuildConfiguration;
			baseConfigurationReference = 503CC9635F07C00D16ADA7F4 /* Pods-HelloAppboy.release.xcconfig */;
			buildSettings = {
				ASSETCATALOG_COMPILER_APPICON_NAME = AppIcon;
				ASSETCATALOG_COMPILER_LAUNCHIMAGE_NAME = LaunchImage;
				CODE_SIGN_IDENTITY = "iPhone Distribution: Appboy Inc. (5GLZKGNWQ3)";
				"CODE_SIGN_IDENTITY[sdk=iphoneos*]" = "iPhone Distribution: Appboy Inc. (5GLZKGNWQ3)";
				DEVELOPMENT_TEAM = 5GLZKGNWQ3;
				GCC_PRECOMPILE_PREFIX_HEADER = YES;
				GCC_PREFIX_HEADER = "HelloAppboy/HelloAppboy-Prefix.pch";
				INFOPLIST_FILE = "HelloAppboy/HelloAppboy-Info.plist";
				IPHONEOS_DEPLOYMENT_TARGET = 9.0;
				PRODUCT_BUNDLE_IDENTIFIER = com.appboy.HelloAppboy;
				PRODUCT_NAME = "$(TARGET_NAME)";
				PROVISIONING_PROFILE = "3b5e8ed0-721c-455e-b978-377c41dfdab0";
				PROVISIONING_PROFILE_SPECIFIER = "match AdHoc com.appboy.HelloAppboy";
				WRAPPER_EXTENSION = app;
			};
			name = Release;
		};
		4EBAC86C1959F8D800554880 /* Debug */ = {
			isa = XCBuildConfiguration;
			buildSettings = {
				BUNDLE_LOADER = "$(BUILT_PRODUCTS_DIR)/HelloAppboy.app/HelloAppboy";
				FRAMEWORK_SEARCH_PATHS = (
					"$(SDKROOT)/Developer/Library/Frameworks",
					"$(inherited)",
					"$(DEVELOPER_FRAMEWORKS_DIR)",
				);
				GCC_PRECOMPILE_PREFIX_HEADER = YES;
				GCC_PREFIX_HEADER = "HelloAppboy/HelloAppboy-Prefix.pch";
				GCC_PREPROCESSOR_DEFINITIONS = (
					"DEBUG=1",
					"$(inherited)",
				);
				INFOPLIST_FILE = "HelloAppboyTests/HelloAppboyTests-Info.plist";
				PRODUCT_NAME = "$(TARGET_NAME)";
				TEST_HOST = "$(BUNDLE_LOADER)";
				WRAPPER_EXTENSION = xctest;
			};
			name = Debug;
		};
		4EBAC86D1959F8D800554880 /* Release */ = {
			isa = XCBuildConfiguration;
			buildSettings = {
				BUNDLE_LOADER = "$(BUILT_PRODUCTS_DIR)/HelloAppboy.app/HelloAppboy";
				FRAMEWORK_SEARCH_PATHS = (
					"$(SDKROOT)/Developer/Library/Frameworks",
					"$(inherited)",
					"$(DEVELOPER_FRAMEWORKS_DIR)",
				);
				GCC_PRECOMPILE_PREFIX_HEADER = YES;
				GCC_PREFIX_HEADER = "HelloAppboy/HelloAppboy-Prefix.pch";
				INFOPLIST_FILE = "HelloAppboyTests/HelloAppboyTests-Info.plist";
				PRODUCT_NAME = "$(TARGET_NAME)";
				TEST_HOST = "$(BUNDLE_LOADER)";
				WRAPPER_EXTENSION = xctest;
			};
			name = Release;
		};
/* End XCBuildConfiguration section */

/* Begin XCConfigurationList section */
		4EBAC8311959F8D800554880 /* Build configuration list for PBXProject "HelloAppboy" */ = {
			isa = XCConfigurationList;
			buildConfigurations = (
				4EBAC8661959F8D800554880 /* Debug */,
				4EBAC8671959F8D800554880 /* Release */,
			);
			defaultConfigurationIsVisible = 0;
			defaultConfigurationName = Release;
		};
		4EBAC8681959F8D800554880 /* Build configuration list for PBXNativeTarget "HelloAppboy" */ = {
			isa = XCConfigurationList;
			buildConfigurations = (
				4EBAC8691959F8D800554880 /* Debug */,
				4EBAC86A1959F8D800554880 /* Release */,
			);
			defaultConfigurationIsVisible = 0;
			defaultConfigurationName = Release;
		};
		4EBAC86B1959F8D800554880 /* Build configuration list for PBXNativeTarget "HelloAppboyTests" */ = {
			isa = XCConfigurationList;
			buildConfigurations = (
				4EBAC86C1959F8D800554880 /* Debug */,
				4EBAC86D1959F8D800554880 /* Release */,
			);
			defaultConfigurationIsVisible = 0;
			defaultConfigurationName = Release;
		};
/* End XCConfigurationList section */
	};
	rootObject = 4EBAC82E1959F8D800554880 /* Project object */;
}
