PODS:
  - Appboy-iOS-SDK/Core (3.3.4)
  - Appboy-iOS-SDK/Feedback (3.3.4):
    - Appboy-iOS-SDK/Core

DEPENDENCIES:
  - Appboy-iOS-SDK/Feedback

SPEC REPOS:
  https://github.com/CocoaPods/Specs.git:
    - Appboy-iOS-SDK

SPEC CHECKSUMS:
  Appboy-iOS-SDK: 6a91c9668b9d11b9408fa4f4356795eb282a6403

PODFILE CHECKSUM: 8596bec76ba654174619dddb22323af0f1b405e9

COCOAPODS: 1.5.0
