PODS:
  - Appboy-iOS-SDK/ContentCards (3.20.4):
    - Appboy-iOS-SDK/Core
    - SDWebImage (~> 5.0)
  - Appboy-iOS-SDK/Core (3.20.4)
  - SDWebImage (5.2.3):
    - SDWebImage/Core (= 5.2.3)
  - SDWebImage/Core (5.2.3)

DEPENDENCIES:
  - Appboy-iOS-SDK/ContentCards

SPEC REPOS:
  https://github.com/cocoapods/specs.git:
    - Appboy-iOS-SDK
    - SDWebImage

SPEC CHECKSUMS:
  Appboy-iOS-SDK: 79e95b898fcc2e87a4f7083782b9a0200f134f61
  SDWebImage: 46a7f73228f84ce80990c786e4372cf4db5875ce

PODFILE CHECKSUM: e185a4c52dcd640248019d68924f69e05bf60a29

COCOAPODS: 1.7.5
