PODS:
  - Appboy-iOS-SDK/ContentCards (3.23.0):
    - Appboy-iOS-SDK/Core
    - SDWebImage (~> 5.0)
  - Appboy-iOS-SDK/Core (3.23.0)
  - SDWebImage (5.8.0):
    - SDWebImage/Core (= 5.8.0)
  - SDWebImage/Core (5.8.0)

DEPENDENCIES:
  - Appboy-iOS-SDK/ContentCards (from `./../../../`)

SPEC REPOS:
  https://github.com/CocoaPods/Specs.git:
    - SDWebImage

EXTERNAL SOURCES:
  Appboy-iOS-SDK:
    :path: "./../../../"

SPEC CHECKSUMS:
  Appboy-iOS-SDK: 37de82a38e6c95117a7418d4328d6567b0b49173
  SDWebImage: 84000f962cbfa70c07f19d2234cbfcf5d779b5dc

PODFILE CHECKSUM: cdf2ba73901b85ddffcc0964d9a32803a1ceeae3

COCOAPODS: 1.9.1
