PODS:
  - Appboy-iOS-SDK/AppboyKitWithoutFacebookSupport (2.9.6):
    - SDWebImage (>= 3.7.0)
  - NUI (0.5.5):
    - NUIParse
  - NUIParse (1.2.1)
  - SDWebImage (3.7.2):
    - SDWebImage/Core (= 3.7.2)
  - SDWebImage/Core (3.7.2)

DEPENDENCIES:
  - Appboy-iOS-SDK/AppboyKitWithoutFacebookSupport (from `./../../Appboy-iOS-SDK/`)
  - NUI

EXTERNAL SOURCES:
  Appboy-iOS-SDK:
    :path: ./../../Appboy-iOS-SDK/

SPEC CHECKSUMS:
  Appboy-iOS-SDK: 0b4989178061fb83cb2d86e5fe8bf822c09f6794
  NUI: 53de7278003235deb2a375fe6f04c7a3aa3e49eb
  NUIParse: 9b6d5a6b782dc654ac6c846d623885080306f07f
  SDWebImage: 71b7cdc1d1721d6a82ed62889030225f2c249e29

COCOAPODS: 0.35.0
