PODS:
  - Appboy-iOS-SDK (2.19.0):
    - SDWebImage (~> 3.7.0)
  - KKColorListPicker (0.2.4)
  - NUI (0.5.5):
    - NUIParse
  - NUIParse (1.3)
  - SDWebImage (3.7.5):
    - SDWebImage/Core (= 3.7.5)
  - SDWebImage/Core (3.7.5)

DEPENDENCIES:
  - Appboy-iOS-SDK (from `./../../Appboy-iOS-SDK/`)
  - KKColorListPicker (from `git@github.com:leoru/KKColorListPicker.git`)
  - NUI (from `https://github.com/tombenner/nui.git`)

EXTERNAL SOURCES:
  Appboy-iOS-SDK:
    :path: "./../../Appboy-iOS-SDK/"
  KKColorListPicker:
    :git: git@github.com:leoru/KKColorListPicker.git
  NUI:
    :git: https://github.com/tombenner/nui.git

CHECKOUT OPTIONS:
  KKColorListPicker:
    :commit: 2e796e48efd572fc1d6834f766d3f7d55f9da27c
    :git: git@github.com:leoru/KKColorListPicker.git
  NUI:
    :commit: c0ee7fe6fe34a7c8b6d9b8db27609a2577d0b9db
    :git: https://github.com/tombenner/nui.git

SPEC CHECKSUMS:
  Appboy-iOS-SDK: 54d40209edbfbac17b1b199b6b1aca0bc54cf29c
  KKColorListPicker: de772db47659dea2a8c77bf9bac97648929ce10a
  NUI: 53de7278003235deb2a375fe6f04c7a3aa3e49eb
  NUIParse: 2e3885ba7807477266396292626bd387d34c2338
  SDWebImage: 69c6303e3348fba97e03f65d65d4fbc26740f461

COCOAPODS: 0.39.0
