// !$*UTF8*$!
{
	archiveVersion = 1;
	classes = {
	};
	objectVersion = 46;
	objects = {

/* Begin PBXBuildFile section */
		30235ABF349C953E99762E9D /* libPods-AppboyFeedbackSample.a in Frameworks */ = {isa = PBXBuildFile; fileRef = 42A7A811DDAE4C79EEB82AC8 /* libPods-AppboyFeedbackSample.a */; };
		C1B92E281F02C24F0034AD28 /* main.m in Sources */ = {isa = PBXBuildFile; fileRef = C1B92E271F02C24F0034AD28 /* main.m */; };
		C1B92E2B1F02C24F0034AD28 /* AppDelegate.m in Sources */ = {isa = PBXBuildFile; fileRef = C1B92E2A1F02C24F0034AD28 /* AppDelegate.m */; };
		C1B92E311F02C24F0034AD28 /* Main.storyboard in Resources */ = {isa = PBXBuildFile; fileRef = C1B92E2F1F02C24F0034AD28 /* Main.storyboard */; };
		C1B92E331F02C24F0034AD28 /* Assets.xcassets in Resources */ = {isa = PBXBuildFile; fileRef = C1B92E321F02C24F0034AD28 /* Assets.xcassets */; };
		C1B92E361F02C24F0034AD28 /* LaunchScreen.storyboard in Resources */ = {isa = PBXBuildFile; fileRef = C1B92E341F02C24F0034AD28 /* LaunchScreen.storyboard */; };
		C1B92E411F02C2500034AD28 /* AppboyFeedbackSampleUITests.m in Sources */ = {isa = PBXBuildFile; fileRef = C1B92E401F02C2500034AD28 /* AppboyFeedbackSampleUITests.m */; };
		C1B92E4D1F02CCD90034AD28 /* CustomAppboyFeedbackViewController.m in Sources */ = {isa = PBXBuildFile; fileRef = C1B92E4C1F02CCD90034AD28 /* CustomAppboyFeedbackViewController.m */; };
/* End PBXBuildFile section */

/* Begin PBXContainerItemProxy section */
		C1B92E3D1F02C2500034AD28 /* PBXContainerItemProxy */ = {
			isa = PBXContainerItemProxy;
			containerPortal = C1B92E1B1F02C24F0034AD28 /* Project object */;
			proxyType = 1;
			remoteGlobalIDString = C1B92E221F02C24F0034AD28;
			remoteInfo = AppboyFeedbackSample;
		};
/* End PBXContainerItemProxy section */

/* Begin PBXFileReference section */
		42A7A811DDAE4C79EEB82AC8 /* libPods-AppboyFeedbackSample.a */ = {isa = PBXFileReference; explicitFileType = archive.ar; includeInIndex = 0; path = "libPods-AppboyFeedbackSample.a"; sourceTree = BUILT_PRODUCTS_DIR; };
		477E7AC93E31BC7ECD27308E /* Pods-AppboyFeedbackSample.debug.xcconfig */ = {isa = PBXFileReference; includeInIndex = 1; lastKnownFileType = text.xcconfig; name = "Pods-AppboyFeedbackSample.debug.xcconfig"; path = "Pods/Target Support Files/Pods-AppboyFeedbackSample/Pods-AppboyFeedbackSample.debug.xcconfig"; sourceTree = "<group>"; };
		8F2765BD08F414A280B86973 /* Pods-AppboyFeedbackSample.release.xcconfig */ = {isa = PBXFileReference; includeInIndex = 1; lastKnownFileType = text.xcconfig; name = "Pods-AppboyFeedbackSample.release.xcconfig"; path = "Pods/Target Support Files/Pods-AppboyFeedbackSample/Pods-AppboyFeedbackSample.release.xcconfig"; sourceTree = "<group>"; };
		C1B92E231F02C24F0034AD28 /* AppboyFeedbackSample.app */ = {isa = PBXFileReference; explicitFileType = wrapper.application; includeInIndex = 0; path = AppboyFeedbackSample.app; sourceTree = BUILT_PRODUCTS_DIR; };
		C1B92E271F02C24F0034AD28 /* main.m */ = {isa = PBXFileReference; lastKnownFileType = sourcecode.c.objc; path = main.m; sourceTree = "<group>"; };
		C1B92E291F02C24F0034AD28 /* AppDelegate.h */ = {isa = PBXFileReference; lastKnownFileType = sourcecode.c.h; path = AppDelegate.h; sourceTree = "<group>"; };
		C1B92E2A1F02C24F0034AD28 /* AppDelegate.m */ = {isa = PBXFileReference; lastKnownFileType = sourcecode.c.objc; path = AppDelegate.m; sourceTree = "<group>"; };
		C1B92E301F02C24F0034AD28 /* Base */ = {isa = PBXFileReference; lastKnownFileType = file.storyboard; name = Base; path = Base.lproj/Main.storyboard; sourceTree = "<group>"; };
		C1B92E321F02C24F0034AD28 /* Assets.xcassets */ = {isa = PBXFileReference; lastKnownFileType = folder.assetcatalog; path = Assets.xcassets; sourceTree = "<group>"; };
		C1B92E351F02C24F0034AD28 /* Base */ = {isa = PBXFileReference; lastKnownFileType = file.storyboard; name = Base; path = Base.lproj/LaunchScreen.storyboard; sourceTree = "<group>"; };
		C1B92E371F02C24F0034AD28 /* Info.plist */ = {isa = PBXFileReference; lastKnownFileType = text.plist.xml; path = Info.plist; sourceTree = "<group>"; };
		C1B92E3C1F02C2500034AD28 /* AppboyFeedbackSampleUITests.xctest */ = {isa = PBXFileReference; explicitFileType = wrapper.cfbundle; includeInIndex = 0; path = AppboyFeedbackSampleUITests.xctest; sourceTree = BUILT_PRODUCTS_DIR; };
		C1B92E401F02C2500034AD28 /* AppboyFeedbackSampleUITests.m */ = {isa = PBXFileReference; lastKnownFileType = sourcecode.c.objc; path = AppboyFeedbackSampleUITests.m; sourceTree = "<group>"; };
		C1B92E421F02C2500034AD28 /* Info.plist */ = {isa = PBXFileReference; lastKnownFileType = text.plist.xml; path = Info.plist; sourceTree = "<group>"; };
		C1B92E4B1F02CCD90034AD28 /* CustomAppboyFeedbackViewController.h */ = {isa = PBXFileReference; fileEncoding = 4; lastKnownFileType = sourcecode.c.h; path = CustomAppboyFeedbackViewController.h; sourceTree = "<group>"; };
		C1B92E4C1F02CCD90034AD28 /* CustomAppboyFeedbackViewController.m */ = {isa = PBXFileReference; fileEncoding = 4; lastKnownFileType = sourcecode.c.objc; path = CustomAppboyFeedbackViewController.m; sourceTree = "<group>"; };
/* End PBXFileReference section */

/* Begin PBXFrameworksBuildPhase section */
		C1B92E201F02C24F0034AD28 /* Frameworks */ = {
			isa = PBXFrameworksBuildPhase;
			buildActionMask = 2147483647;
			files = (
				30235ABF349C953E99762E9D /* libPods-AppboyFeedbackSample.a in Frameworks */,
			);
			runOnlyForDeploymentPostprocessing = 0;
		};
		C1B92E391F02C2500034AD28 /* Frameworks */ = {
			isa = PBXFrameworksBuildPhase;
			buildActionMask = 2147483647;
			files = (
			);
			runOnlyForDeploymentPostprocessing = 0;
		};
/* End PBXFrameworksBuildPhase section */

/* Begin PBXGroup section */
		9462742AA5916C8459CB0E83 /* Frameworks */ = {
			isa = PBXGroup;
			children = (
				42A7A811DDAE4C79EEB82AC8 /* libPods-AppboyFeedbackSample.a */,
			);
			name = Frameworks;
			sourceTree = "<group>";
		};
		C1B92E1A1F02C24F0034AD28 = {
			isa = PBXGroup;
			children = (
				C1B92E251F02C24F0034AD28 /* AppboyFeedbackSample */,
				C1B92E3F1F02C2500034AD28 /* AppboyFeedbackSampleUITests */,
				C1B92E241F02C24F0034AD28 /* Products */,
				E96C1EC9C2D06BFE51CC51E6 /* Pods */,
				9462742AA5916C8459CB0E83 /* Frameworks */,
			);
			sourceTree = "<group>";
		};
		C1B92E241F02C24F0034AD28 /* Products */ = {
			isa = PBXGroup;
			children = (
				C1B92E231F02C24F0034AD28 /* AppboyFeedbackSample.app */,
				C1B92E3C1F02C2500034AD28 /* AppboyFeedbackSampleUITests.xctest */,
			);
			name = Products;
			sourceTree = "<group>";
		};
		C1B92E251F02C24F0034AD28 /* AppboyFeedbackSample */ = {
			isa = PBXGroup;
			children = (
				C1B92E291F02C24F0034AD28 /* AppDelegate.h */,
				C1B92E2A1F02C24F0034AD28 /* AppDelegate.m */,
				C1B92E4B1F02CCD90034AD28 /* CustomAppboyFeedbackViewController.h */,
				C1B92E4C1F02CCD90034AD28 /* CustomAppboyFeedbackViewController.m */,
				C1B92E2F1F02C24F0034AD28 /* Main.storyboard */,
				C1B92E321F02C24F0034AD28 /* Assets.xcassets */,
				C1B92E341F02C24F0034AD28 /* LaunchScreen.storyboard */,
				C1B92E371F02C24F0034AD28 /* Info.plist */,
				C1B92E261F02C24F0034AD28 /* Supporting Files */,
			);
			path = AppboyFeedbackSample;
			sourceTree = "<group>";
		};
		C1B92E261F02C24F0034AD28 /* Supporting Files */ = {
			isa = PBXGroup;
			children = (
				C1B92E271F02C24F0034AD28 /* main.m */,
			);
			name = "Supporting Files";
			sourceTree = "<group>";
		};
		C1B92E3F1F02C2500034AD28 /* AppboyFeedbackSampleUITests */ = {
			isa = PBXGroup;
			children = (
				C1B92E401F02C2500034AD28 /* AppboyFeedbackSampleUITests.m */,
				C1B92E421F02C2500034AD28 /* Info.plist */,
			);
			path = AppboyFeedbackSampleUITests;
			sourceTree = "<group>";
		};
		E96C1EC9C2D06BFE51CC51E6 /* Pods */ = {
			isa = PBXGroup;
			children = (
				477E7AC93E31BC7ECD27308E /* Pods-AppboyFeedbackSample.debug.xcconfig */,
				8F2765BD08F414A280B86973 /* Pods-AppboyFeedbackSample.release.xcconfig */,
			);
			name = Pods;
			sourceTree = "<group>";
		};
/* End PBXGroup section */

/* Begin PBXNativeTarget section */
		C1B92E221F02C24F0034AD28 /* AppboyFeedbackSample */ = {
			isa = PBXNativeTarget;
			buildConfigurationList = C1B92E451F02C2500034AD28 /* Build configuration list for PBXNativeTarget "AppboyFeedbackSample" */;
			buildPhases = (
				B97581E435794EF64C4A8C96 /* [CP] Check Pods Manifest.lock */,
				C1B92E1F1F02C24F0034AD28 /* Sources */,
				C1B92E201F02C24F0034AD28 /* Frameworks */,
				C1B92E211F02C24F0034AD28 /* Resources */,
				B99AE614D575E03FE829FCFC /* [CP] Copy Pods Resources */,
			);
			buildRules = (
			);
			dependencies = (
			);
			name = AppboyFeedbackSample;
			productName = AppboyFeedbackSample;
			productReference = C1B92E231F02C24F0034AD28 /* AppboyFeedbackSample.app */;
			productType = "com.apple.product-type.application";
		};
		C1B92E3B1F02C2500034AD28 /* AppboyFeedbackSampleUITests */ = {
			isa = PBXNativeTarget;
			buildConfigurationList = C1B92E481F02C2500034AD28 /* Build configuration list for PBXNativeTarget "AppboyFeedbackSampleUITests" */;
			buildPhases = (
				C1B92E381F02C2500034AD28 /* Sources */,
				C1B92E391F02C2500034AD28 /* Frameworks */,
				C1B92E3A1F02C2500034AD28 /* Resources */,
			);
			buildRules = (
			);
			dependencies = (
				C1B92E3E1F02C2500034AD28 /* PBXTargetDependency */,
			);
			name = AppboyFeedbackSampleUITests;
			productName = AppboyFeedbackSampleUITests;
			productReference = C1B92E3C1F02C2500034AD28 /* AppboyFeedbackSampleUITests.xctest */;
			productType = "com.apple.product-type.bundle.ui-testing";
		};
/* End PBXNativeTarget section */

/* Begin PBXProject section */
		C1B92E1B1F02C24F0034AD28 /* Project object */ = {
			isa = PBXProject;
			attributes = {
				LastUpgradeCheck = 0830;
				ORGANIZATIONNAME = Appboy;
				TargetAttributes = {
					C1B92E221F02C24F0034AD28 = {
						CreatedOnToolsVersion = 8.3.3;
						DevelopmentTeam = 5GLZKGNWQ3;
						ProvisioningStyle = Automatic;
					};
					C1B92E3B1F02C2500034AD28 = {
						CreatedOnToolsVersion = 8.3.3;
						DevelopmentTeam = 5GLZKGNWQ3;
						ProvisioningStyle = Automatic;
						TestTargetID = C1B92E221F02C24F0034AD28;
					};
				};
			};
			buildConfigurationList = C1B92E1E1F02C24F0034AD28 /* Build configuration list for PBXProject "AppboyFeedbackSample" */;
			compatibilityVersion = "Xcode 3.2";
			developmentRegion = English;
			hasScannedForEncodings = 0;
			knownRegions = (
				en,
				Base,
			);
			mainGroup = C1B92E1A1F02C24F0034AD28;
			productRefGroup = C1B92E241F02C24F0034AD28 /* Products */;
			projectDirPath = "";
			projectRoot = "";
			targets = (
				C1B92E221F02C24F0034AD28 /* AppboyFeedbackSample */,
				C1B92E3B1F02C2500034AD28 /* AppboyFeedbackSampleUITests */,
			);
		};
/* End PBXProject section */

/* Begin PBXResourcesBuildPhase section */
		C1B92E211F02C24F0034AD28 /* Resources */ = {
			isa = PBXResourcesBuildPhase;
			buildActionMask = 2147483647;
			files = (
				C1B92E361F02C24F0034AD28 /* LaunchScreen.storyboard in Resources */,
				C1B92E331F02C24F0034AD28 /* Assets.xcassets in Resources */,
				C1B92E311F02C24F0034AD28 /* Main.storyboard in Resources */,
			);
			runOnlyForDeploymentPostprocessing = 0;
		};
		C1B92E3A1F02C2500034AD28 /* Resources */ = {
			isa = PBXResourcesBuildPhase;
			buildActionMask = 2147483647;
			files = (
			);
			runOnlyForDeploymentPostprocessing = 0;
		};
/* End PBXResourcesBuildPhase section */

/* Begin PBXShellScriptBuildPhase section */
		B97581E435794EF64C4A8C96 /* [CP] Check Pods Manifest.lock */ = {
			isa = PBXShellScriptBuildPhase;
			buildActionMask = 2147483647;
			files = (
			);
			inputPaths = (
				"${PODS_PODFILE_DIR_PATH}/Podfile.lock",
				"${PODS_ROOT}/Manifest.lock",
			);
			name = "[CP] Check Pods Manifest.lock";
			outputPaths = (
				"$(DERIVED_FILE_DIR)/Pods-AppboyFeedbackSample-checkManifestLockResult.txt",
			);
			runOnlyForDeploymentPostprocessing = 0;
			shellPath = /bin/sh;
			shellScript = "diff \"${PODS_PODFILE_DIR_PATH}/Podfile.lock\" \"${PODS_ROOT}/Manifest.lock\" > /dev/null\nif [ $? != 0 ] ; then\n    # print error to STDERR\n    echo \"error: The sandbox is not in sync with the Podfile.lock. Run 'pod install' or update your CocoaPods installation.\" >&2\n    exit 1\nfi\n# This output is used by Xcode 'outputs' to avoid re-running this script phase.\necho \"SUCCESS\" > \"${SCRIPT_OUTPUT_FILE_0}\"\n";
			showEnvVarsInLog = 0;
		};
		B99AE614D575E03FE829FCFC /* [CP] Copy Pods Resources */ = {
			isa = PBXShellScriptBuildPhase;
			buildActionMask = 2147483647;
			files = (
			);
			inputPaths = (
				"${SRCROOT}/Pods/Target Support Files/Pods-AppboyFeedbackSample/Pods-AppboyFeedbackSample-resources.sh",
				"${PODS_ROOT}/Appboy-iOS-SDK/AppboyKit/Appboy.bundle",
				"${PODS_ROOT}/Appboy-iOS-SDK/AppboyUI/ABKFeedbackViewController/Feedback_Resources/ABKModalFeedbackViewController.xib",
				"${PODS_ROOT}/Appboy-iOS-SDK/AppboyUI/ABKFeedbackViewController/Feedback_Resources/ABKNavigationFeedbackViewController.xib",
				"${PODS_ROOT}/Appboy-iOS-SDK/AppboyUI/ABKFeedbackViewController/Feedback_Resources/ar.lproj/AppboyFeedbackLocalizable.strings",
				"${PODS_ROOT}/Appboy-iOS-SDK/AppboyUI/ABKFeedbackViewController/Feedback_Resources/Base.lproj/AppboyFeedbackLocalizable.strings",
				"${PODS_ROOT}/Appboy-iOS-SDK/AppboyUI/ABKFeedbackViewController/Feedback_Resources/da.lproj/AppboyFeedbackLocalizable.strings",
				"${PODS_ROOT}/Appboy-iOS-SDK/AppboyUI/ABKFeedbackViewController/Feedback_Resources/de.lproj/AppboyFeedbackLocalizable.strings",
				"${PODS_ROOT}/Appboy-iOS-SDK/AppboyUI/ABKFeedbackViewController/Feedback_Resources/en.lproj/AppboyFeedbackLocalizable.strings",
				"${PODS_ROOT}/Appboy-iOS-SDK/AppboyUI/ABKFeedbackViewController/Feedback_Resources/es-419.lproj/AppboyFeedbackLocalizable.strings",
				"${PODS_ROOT}/Appboy-iOS-SDK/AppboyUI/ABKFeedbackViewController/Feedback_Resources/es-MX.lproj/AppboyFeedbackLocalizable.strings",
				"${PODS_ROOT}/Appboy-iOS-SDK/AppboyUI/ABKFeedbackViewController/Feedback_Resources/es.lproj/AppboyFeedbackLocalizable.strings",
				"${PODS_ROOT}/Appboy-iOS-SDK/AppboyUI/ABKFeedbackViewController/Feedback_Resources/et.lproj/AppboyFeedbackLocalizable.strings",
				"${PODS_ROOT}/Appboy-iOS-SDK/AppboyUI/ABKFeedbackViewController/Feedback_Resources/fi.lproj/AppboyFeedbackLocalizable.strings",
				"${PODS_ROOT}/Appboy-iOS-SDK/AppboyUI/ABKFeedbackViewController/Feedback_Resources/fil.lproj/AppboyFeedbackLocalizable.strings",
				"${PODS_ROOT}/Appboy-iOS-SDK/AppboyUI/ABKFeedbackViewController/Feedback_Resources/fr.lproj/AppboyFeedbackLocalizable.strings",
				"${PODS_ROOT}/Appboy-iOS-SDK/AppboyUI/ABKFeedbackViewController/Feedback_Resources/he.lproj/AppboyFeedbackLocalizable.strings",
				"${PODS_ROOT}/Appboy-iOS-SDK/AppboyUI/ABKFeedbackViewController/Feedback_Resources/hi.lproj/AppboyFeedbackLocalizable.strings",
				"${PODS_ROOT}/Appboy-iOS-SDK/AppboyUI/ABKFeedbackViewController/Feedback_Resources/id.lproj/AppboyFeedbackLocalizable.strings",
				"${PODS_ROOT}/Appboy-iOS-SDK/AppboyUI/ABKFeedbackViewController/Feedback_Resources/images/checkmark-bg.png",
				"${PODS_ROOT}/Appboy-iOS-SDK/AppboyUI/ABKFeedbackViewController/Feedback_Resources/images/checkmark-bg@2x.png",
				"${PODS_ROOT}/Appboy-iOS-SDK/AppboyUI/ABKFeedbackViewController/Feedback_Resources/images/checkmark.png",
				"${PODS_ROOT}/Appboy-iOS-SDK/AppboyUI/ABKFeedbackViewController/Feedback_Resources/images/checkmark@2x.png",
				"${PODS_ROOT}/Appboy-iOS-SDK/AppboyUI/ABKFeedbackViewController/Feedback_Resources/it.lproj/AppboyFeedbackLocalizable.strings",
				"${PODS_ROOT}/Appboy-iOS-SDK/AppboyUI/ABKFeedbackViewController/Feedback_Resources/ja.lproj/AppboyFeedbackLocalizable.strings",
				"${PODS_ROOT}/Appboy-iOS-SDK/AppboyUI/ABKFeedbackViewController/Feedback_Resources/km.lproj/AppboyFeedbackLocalizable.strings",
				"${PODS_ROOT}/Appboy-iOS-SDK/AppboyUI/ABKFeedbackViewController/Feedback_Resources/ko.lproj/AppboyFeedbackLocalizable.strings",
				"${PODS_ROOT}/Appboy-iOS-SDK/AppboyUI/ABKFeedbackViewController/Feedback_Resources/lo.lproj/AppboyFeedbackLocalizable.strings",
				"${PODS_ROOT}/Appboy-iOS-SDK/AppboyUI/ABKFeedbackViewController/Feedback_Resources/ms.lproj/AppboyFeedbackLocalizable.strings",
				"${PODS_ROOT}/Appboy-iOS-SDK/AppboyUI/ABKFeedbackViewController/Feedback_Resources/my.lproj/AppboyFeedbackLocalizable.strings",
				"${PODS_ROOT}/Appboy-iOS-SDK/AppboyUI/ABKFeedbackViewController/Feedback_Resources/nb.lproj/AppboyFeedbackLocalizable.strings",
				"${PODS_ROOT}/Appboy-iOS-SDK/AppboyUI/ABKFeedbackViewController/Feedback_Resources/nl.lproj/AppboyFeedbackLocalizable.strings",
				"${PODS_ROOT}/Appboy-iOS-SDK/AppboyUI/ABKFeedbackViewController/Feedback_Resources/pl.lproj/AppboyFeedbackLocalizable.strings",
				"${PODS_ROOT}/Appboy-iOS-SDK/AppboyUI/ABKFeedbackViewController/Feedback_Resources/pt-PT.lproj/AppboyFeedbackLocalizable.strings",
				"${PODS_ROOT}/Appboy-iOS-SDK/AppboyUI/ABKFeedbackViewController/Feedback_Resources/pt.lproj/AppboyFeedbackLocalizable.strings",
				"${PODS_ROOT}/Appboy-iOS-SDK/AppboyUI/ABKFeedbackViewController/Feedback_Resources/ru.lproj/AppboyFeedbackLocalizable.strings",
				"${PODS_ROOT}/Appboy-iOS-SDK/AppboyUI/ABKFeedbackViewController/Feedback_Resources/sv.lproj/AppboyFeedbackLocalizable.strings",
				"${PODS_ROOT}/Appboy-iOS-SDK/AppboyUI/ABKFeedbackViewController/Feedback_Resources/th.lproj/AppboyFeedbackLocalizable.strings",
				"${PODS_ROOT}/Appboy-iOS-SDK/AppboyUI/ABKFeedbackViewController/Feedback_Resources/vi.lproj/AppboyFeedbackLocalizable.strings",
				"${PODS_ROOT}/Appboy-iOS-SDK/AppboyUI/ABKFeedbackViewController/Feedback_Resources/zh-Hans.lproj/AppboyFeedbackLocalizable.strings",
				"${PODS_ROOT}/Appboy-iOS-SDK/AppboyUI/ABKFeedbackViewController/Feedback_Resources/zh-Hant.lproj/AppboyFeedbackLocalizable.strings",
				"${PODS_ROOT}/Appboy-iOS-SDK/AppboyUI/ABKFeedbackViewController/Feedback_Resources/zh-HK.lproj/AppboyFeedbackLocalizable.strings",
				"${PODS_ROOT}/Appboy-iOS-SDK/AppboyUI/ABKFeedbackViewController/Feedback_Resources/zh-TW.lproj/AppboyFeedbackLocalizable.strings",
				"${PODS_ROOT}/Appboy-iOS-SDK/AppboyUI/ABKFeedbackViewController/Feedback_Resources/zh.lproj/AppboyFeedbackLocalizable.strings",
				"${PODS_ROOT}/Appboy-iOS-SDK/AppboyUI/ABKFeedbackViewController/Feedback_Resources/ar.lproj",
				"${PODS_ROOT}/Appboy-iOS-SDK/AppboyUI/ABKFeedbackViewController/Feedback_Resources/Base.lproj",
				"${PODS_ROOT}/Appboy-iOS-SDK/AppboyUI/ABKFeedbackViewController/Feedback_Resources/da.lproj",
				"${PODS_ROOT}/Appboy-iOS-SDK/AppboyUI/ABKFeedbackViewController/Feedback_Resources/de.lproj",
				"${PODS_ROOT}/Appboy-iOS-SDK/AppboyUI/ABKFeedbackViewController/Feedback_Resources/en.lproj",
				"${PODS_ROOT}/Appboy-iOS-SDK/AppboyUI/ABKFeedbackViewController/Feedback_Resources/es-419.lproj",
				"${PODS_ROOT}/Appboy-iOS-SDK/AppboyUI/ABKFeedbackViewController/Feedback_Resources/es-MX.lproj",
				"${PODS_ROOT}/Appboy-iOS-SDK/AppboyUI/ABKFeedbackViewController/Feedback_Resources/es.lproj",
				"${PODS_ROOT}/Appboy-iOS-SDK/AppboyUI/ABKFeedbackViewController/Feedback_Resources/et.lproj",
				"${PODS_ROOT}/Appboy-iOS-SDK/AppboyUI/ABKFeedbackViewController/Feedback_Resources/fi.lproj",
				"${PODS_ROOT}/Appboy-iOS-SDK/AppboyUI/ABKFeedbackViewController/Feedback_Resources/fil.lproj",
				"${PODS_ROOT}/Appboy-iOS-SDK/AppboyUI/ABKFeedbackViewController/Feedback_Resources/fr.lproj",
				"${PODS_ROOT}/Appboy-iOS-SDK/AppboyUI/ABKFeedbackViewController/Feedback_Resources/he.lproj",
				"${PODS_ROOT}/Appboy-iOS-SDK/AppboyUI/ABKFeedbackViewController/Feedback_Resources/hi.lproj",
				"${PODS_ROOT}/Appboy-iOS-SDK/AppboyUI/ABKFeedbackViewController/Feedback_Resources/id.lproj",
				"${PODS_ROOT}/Appboy-iOS-SDK/AppboyUI/ABKFeedbackViewController/Feedback_Resources/it.lproj",
				"${PODS_ROOT}/Appboy-iOS-SDK/AppboyUI/ABKFeedbackViewController/Feedback_Resources/ja.lproj",
				"${PODS_ROOT}/Appboy-iOS-SDK/AppboyUI/ABKFeedbackViewController/Feedback_Resources/km.lproj",
				"${PODS_ROOT}/Appboy-iOS-SDK/AppboyUI/ABKFeedbackViewController/Feedback_Resources/ko.lproj",
				"${PODS_ROOT}/Appboy-iOS-SDK/AppboyUI/ABKFeedbackViewController/Feedback_Resources/lo.lproj",
				"${PODS_ROOT}/Appboy-iOS-SDK/AppboyUI/ABKFeedbackViewController/Feedback_Resources/ms.lproj",
				"${PODS_ROOT}/Appboy-iOS-SDK/AppboyUI/ABKFeedbackViewController/Feedback_Resources/my.lproj",
				"${PODS_ROOT}/Appboy-iOS-SDK/AppboyUI/ABKFeedbackViewController/Feedback_Resources/nb.lproj",
				"${PODS_ROOT}/Appboy-iOS-SDK/AppboyUI/ABKFeedbackViewController/Feedback_Resources/nl.lproj",
				"${PODS_ROOT}/Appboy-iOS-SDK/AppboyUI/ABKFeedbackViewController/Feedback_Resources/pl.lproj",
				"${PODS_ROOT}/Appboy-iOS-SDK/AppboyUI/ABKFeedbackViewController/Feedback_Resources/pt-PT.lproj",
				"${PODS_ROOT}/Appboy-iOS-SDK/AppboyUI/ABKFeedbackViewController/Feedback_Resources/pt.lproj",
				"${PODS_ROOT}/Appboy-iOS-SDK/AppboyUI/ABKFeedbackViewController/Feedback_Resources/ru.lproj",
				"${PODS_ROOT}/Appboy-iOS-SDK/AppboyUI/ABKFeedbackViewController/Feedback_Resources/sv.lproj",
				"${PODS_ROOT}/Appboy-iOS-SDK/AppboyUI/ABKFeedbackViewController/Feedback_Resources/th.lproj",
				"${PODS_ROOT}/Appboy-iOS-SDK/AppboyUI/ABKFeedbackViewController/Feedback_Resources/vi.lproj",
				"${PODS_ROOT}/Appboy-iOS-SDK/AppboyUI/ABKFeedbackViewController/Feedback_Resources/zh-Hans.lproj",
				"${PODS_ROOT}/Appboy-iOS-SDK/AppboyUI/ABKFeedbackViewController/Feedback_Resources/zh-Hant.lproj",
				"${PODS_ROOT}/Appboy-iOS-SDK/AppboyUI/ABKFeedbackViewController/Feedback_Resources/zh-HK.lproj",
				"${PODS_ROOT}/Appboy-iOS-SDK/AppboyUI/ABKFeedbackViewController/Feedback_Resources/zh-TW.lproj",
				"${PODS_ROOT}/Appboy-iOS-SDK/AppboyUI/ABKFeedbackViewController/Feedback_Resources/zh.lproj",
			);
			name = "[CP] Copy Pods Resources";
			outputPaths = (
				"${TARGET_BUILD_DIR}/${UNLOCALIZED_RESOURCES_FOLDER_PATH}/Appboy.bundle",
				"${TARGET_BUILD_DIR}/${UNLOCALIZED_RESOURCES_FOLDER_PATH}/ABKModalFeedbackViewController.nib",
				"${TARGET_BUILD_DIR}/${UNLOCALIZED_RESOURCES_FOLDER_PATH}/ABKNavigationFeedbackViewController.nib",
				"${TARGET_BUILD_DIR}/${UNLOCALIZED_RESOURCES_FOLDER_PATH}/AppboyFeedbackLocalizable.strings",
				"${TARGET_BUILD_DIR}/${UNLOCALIZED_RESOURCES_FOLDER_PATH}/checkmark-bg.png",
				"${TARGET_BUILD_DIR}/${UNLOCALIZED_RESOURCES_FOLDER_PATH}/checkmark-bg@2x.png",
				"${TARGET_BUILD_DIR}/${UNLOCALIZED_RESOURCES_FOLDER_PATH}/checkmark.png",
				"${TARGET_BUILD_DIR}/${UNLOCALIZED_RESOURCES_FOLDER_PATH}/checkmark@2x.png",
				"${TARGET_BUILD_DIR}/${UNLOCALIZED_RESOURCES_FOLDER_PATH}/ar.lproj",
				"${TARGET_BUILD_DIR}/${UNLOCALIZED_RESOURCES_FOLDER_PATH}/Base.lproj",
				"${TARGET_BUILD_DIR}/${UNLOCALIZED_RESOURCES_FOLDER_PATH}/da.lproj",
				"${TARGET_BUILD_DIR}/${UNLOCALIZED_RESOURCES_FOLDER_PATH}/de.lproj",
				"${TARGET_BUILD_DIR}/${UNLOCALIZED_RESOURCES_FOLDER_PATH}/en.lproj",
				"${TARGET_BUILD_DIR}/${UNLOCALIZED_RESOURCES_FOLDER_PATH}/es-419.lproj",
				"${TARGET_BUILD_DIR}/${UNLOCALIZED_RESOURCES_FOLDER_PATH}/es-MX.lproj",
				"${TARGET_BUILD_DIR}/${UNLOCALIZED_RESOURCES_FOLDER_PATH}/es.lproj",
				"${TARGET_BUILD_DIR}/${UNLOCALIZED_RESOURCES_FOLDER_PATH}/et.lproj",
				"${TARGET_BUILD_DIR}/${UNLOCALIZED_RESOURCES_FOLDER_PATH}/fi.lproj",
				"${TARGET_BUILD_DIR}/${UNLOCALIZED_RESOURCES_FOLDER_PATH}/fil.lproj",
				"${TARGET_BUILD_DIR}/${UNLOCALIZED_RESOURCES_FOLDER_PATH}/fr.lproj",
				"${TARGET_BUILD_DIR}/${UNLOCALIZED_RESOURCES_FOLDER_PATH}/he.lproj",
				"${TARGET_BUILD_DIR}/${UNLOCALIZED_RESOURCES_FOLDER_PATH}/hi.lproj",
				"${TARGET_BUILD_DIR}/${UNLOCALIZED_RESOURCES_FOLDER_PATH}/id.lproj",
				"${TARGET_BUILD_DIR}/${UNLOCALIZED_RESOURCES_FOLDER_PATH}/it.lproj",
				"${TARGET_BUILD_DIR}/${UNLOCALIZED_RESOURCES_FOLDER_PATH}/ja.lproj",
				"${TARGET_BUILD_DIR}/${UNLOCALIZED_RESOURCES_FOLDER_PATH}/km.lproj",
				"${TARGET_BUILD_DIR}/${UNLOCALIZED_RESOURCES_FOLDER_PATH}/ko.lproj",
				"${TARGET_BUILD_DIR}/${UNLOCALIZED_RESOURCES_FOLDER_PATH}/lo.lproj",
				"${TARGET_BUILD_DIR}/${UNLOCALIZED_RESOURCES_FOLDER_PATH}/ms.lproj",
				"${TARGET_BUILD_DIR}/${UNLOCALIZED_RESOURCES_FOLDER_PATH}/my.lproj",
				"${TARGET_BUILD_DIR}/${UNLOCALIZED_RESOURCES_FOLDER_PATH}/nb.lproj",
				"${TARGET_BUILD_DIR}/${UNLOCALIZED_RESOURCES_FOLDER_PATH}/nl.lproj",
				"${TARGET_BUILD_DIR}/${UNLOCALIZED_RESOURCES_FOLDER_PATH}/pl.lproj",
				"${TARGET_BUILD_DIR}/${UNLOCALIZED_RESOURCES_FOLDER_PATH}/pt-PT.lproj",
				"${TARGET_BUILD_DIR}/${UNLOCALIZED_RESOURCES_FOLDER_PATH}/pt.lproj",
				"${TARGET_BUILD_DIR}/${UNLOCALIZED_RESOURCES_FOLDER_PATH}/ru.lproj",
				"${TARGET_BUILD_DIR}/${UNLOCALIZED_RESOURCES_FOLDER_PATH}/sv.lproj",
				"${TARGET_BUILD_DIR}/${UNLOCALIZED_RESOURCES_FOLDER_PATH}/th.lproj",
				"${TARGET_BUILD_DIR}/${UNLOCALIZED_RESOURCES_FOLDER_PATH}/vi.lproj",
				"${TARGET_BUILD_DIR}/${UNLOCALIZED_RESOURCES_FOLDER_PATH}/zh-Hans.lproj",
				"${TARGET_BUILD_DIR}/${UNLOCALIZED_RESOURCES_FOLDER_PATH}/zh-Hant.lproj",
				"${TARGET_BUILD_DIR}/${UNLOCALIZED_RESOURCES_FOLDER_PATH}/zh-HK.lproj",
				"${TARGET_BUILD_DIR}/${UNLOCALIZED_RESOURCES_FOLDER_PATH}/zh-TW.lproj",
				"${TARGET_BUILD_DIR}/${UNLOCALIZED_RESOURCES_FOLDER_PATH}/zh.lproj",
			);
			runOnlyForDeploymentPostprocessing = 0;
			shellPath = /bin/sh;
			shellScript = "\"${SRCROOT}/Pods/Target Support Files/Pods-AppboyFeedbackSample/Pods-AppboyFeedbackSample-resources.sh\"\n";
			showEnvVarsInLog = 0;
		};
/* End PBXShellScriptBuildPhase section */

/* Begin PBXSourcesBuildPhase section */
		C1B92E1F1F02C24F0034AD28 /* Sources */ = {
			isa = PBXSourcesBuildPhase;
			buildActionMask = 2147483647;
			files = (
				C1B92E4D1F02CCD90034AD28 /* CustomAppboyFeedbackViewController.m in Sources */,
				C1B92E2B1F02C24F0034AD28 /* AppDelegate.m in Sources */,
				C1B92E281F02C24F0034AD28 /* main.m in Sources */,
			);
			runOnlyForDeploymentPostprocessing = 0;
		};
		C1B92E381F02C2500034AD28 /* Sources */ = {
			isa = PBXSourcesBuildPhase;
			buildActionMask = 2147483647;
			files = (
				C1B92E411F02C2500034AD28 /* AppboyFeedbackSampleUITests.m in Sources */,
			);
			runOnlyForDeploymentPostprocessing = 0;
		};
/* End PBXSourcesBuildPhase section */

/* Begin PBXTargetDependency section */
		C1B92E3E1F02C2500034AD28 /* PBXTargetDependency */ = {
			isa = PBXTargetDependency;
			target = C1B92E221F02C24F0034AD28 /* AppboyFeedbackSample */;
			targetProxy = C1B92E3D1F02C2500034AD28 /* PBXContainerItemProxy */;
		};
/* End PBXTargetDependency section */

/* Begin PBXVariantGroup section */
		C1B92E2F1F02C24F0034AD28 /* Main.storyboard */ = {
			isa = PBXVariantGroup;
			children = (
				C1B92E301F02C24F0034AD28 /* Base */,
			);
			name = Main.storyboard;
			sourceTree = "<group>";
		};
		C1B92E341F02C24F0034AD28 /* LaunchScreen.storyboard */ = {
			isa = PBXVariantGroup;
			children = (
				C1B92E351F02C24F0034AD28 /* Base */,
			);
			name = LaunchScreen.storyboard;
			sourceTree = "<group>";
		};
/* End PBXVariantGroup section */

/* Begin XCBuildConfiguration section */
		C1B92E431F02C2500034AD28 /* Debug */ = {
			isa = XCBuildConfiguration;
			buildSettings = {
				ALWAYS_SEARCH_USER_PATHS = NO;
				CLANG_ANALYZER_NONNULL = YES;
				CLANG_ANALYZER_NUMBER_OBJECT_CONVERSION = YES_AGGRESSIVE;
				CLANG_CXX_LANGUAGE_STANDARD = "gnu++0x";
				CLANG_CXX_LIBRARY = "libc++";
				CLANG_ENABLE_MODULES = YES;
				CLANG_ENABLE_OBJC_ARC = YES;
				CLANG_WARN_BOOL_CONVERSION = YES;
				CLANG_WARN_CONSTANT_CONVERSION = YES;
				CLANG_WARN_DIRECT_OBJC_ISA_USAGE = YES_ERROR;
				CLANG_WARN_DOCUMENTATION_COMMENTS = YES;
				CLANG_WARN_EMPTY_BODY = YES;
				CLANG_WARN_ENUM_CONVERSION = YES;
				CLANG_WARN_INFINITE_RECURSION = YES;
				CLANG_WARN_INT_CONVERSION = YES;
				CLANG_WARN_OBJC_ROOT_CLASS = YES_ERROR;
				CLANG_WARN_SUSPICIOUS_MOVE = YES;
				CLANG_WARN_UNREACHABLE_CODE = YES;
				CLANG_WARN__DUPLICATE_METHOD_MATCH = YES;
				"CODE_SIGN_IDENTITY[sdk=iphoneos*]" = "iPhone Developer";
				COPY_PHASE_STRIP = NO;
				DEBUG_INFORMATION_FORMAT = dwarf;
				ENABLE_STRICT_OBJC_MSGSEND = YES;
				ENABLE_TESTABILITY = YES;
				GCC_C_LANGUAGE_STANDARD = gnu99;
				GCC_DYNAMIC_NO_PIC = NO;
				GCC_NO_COMMON_BLOCKS = YES;
				GCC_OPTIMIZATION_LEVEL = 0;
				GCC_PREPROCESSOR_DEFINITIONS = (
					"DEBUG=1",
					"$(inherited)",
				);
				GCC_WARN_64_TO_32_BIT_CONVERSION = YES;
				GCC_WARN_ABOUT_RETURN_TYPE = YES_ERROR;
				GCC_WARN_UNDECLARED_SELECTOR = YES;
				GCC_WARN_UNINITIALIZED_AUTOS = YES_AGGRESSIVE;
				GCC_WARN_UNUSED_FUNCTION = YES;
				GCC_WARN_UNUSED_VARIABLE = YES;
				IPHONEOS_DEPLOYMENT_TARGET = 10.3;
				MTL_ENABLE_DEBUG_INFO = YES;
				ONLY_ACTIVE_ARCH = YES;
				SDKROOT = iphoneos;
				TARGETED_DEVICE_FAMILY = "1,2";
			};
			name = Debug;
		};
		C1B92E441F02C2500034AD28 /* Release */ = {
			isa = XCBuildConfiguration;
			buildSettings = {
				ALWAYS_SEARCH_USER_PATHS = NO;
				CLANG_ANALYZER_NONNULL = YES;
				CLANG_ANALYZER_NUMBER_OBJECT_CONVERSION = YES_AGGRESSIVE;
				CLANG_CXX_LANGUAGE_STANDARD = "gnu++0x";
				CLANG_CXX_LIBRARY = "libc++";
				CLANG_ENABLE_MODULES = YES;
				CLANG_ENABLE_OBJC_ARC = YES;
				CLANG_WARN_BOOL_CONVERSION = YES;
				CLANG_WARN_CONSTANT_CONVERSION = YES;
				CLANG_WARN_DIRECT_OBJC_ISA_USAGE = YES_ERROR;
				CLANG_WARN_DOCUMENTATION_COMMENTS = YES;
				CLANG_WARN_EMPTY_BODY = YES;
				CLANG_WARN_ENUM_CONVERSION = YES;
				CLANG_WARN_INFINITE_RECURSION = YES;
				CLANG_WARN_INT_CONVERSION = YES;
				CLANG_WARN_OBJC_ROOT_CLASS = YES_ERROR;
				CLANG_WARN_SUSPICIOUS_MOVE = YES;
				CLANG_WARN_UNREACHABLE_CODE = YES;
				CLANG_WARN__DUPLICATE_METHOD_MATCH = YES;
				"CODE_SIGN_IDENTITY[sdk=iphoneos*]" = "iPhone Developer";
				COPY_PHASE_STRIP = NO;
				DEBUG_INFORMATION_FORMAT = "dwarf-with-dsym";
				ENABLE_NS_ASSERTIONS = NO;
				ENABLE_STRICT_OBJC_MSGSEND = YES;
				GCC_C_LANGUAGE_STANDARD = gnu99;
				GCC_NO_COMMON_BLOCKS = YES;
				GCC_WARN_64_TO_32_BIT_CONVERSION = YES;
				GCC_WARN_ABOUT_RETURN_TYPE = YES_ERROR;
				GCC_WARN_UNDECLARED_SELECTOR = YES;
				GCC_WARN_UNINITIALIZED_AUTOS = YES_AGGRESSIVE;
				GCC_WARN_UNUSED_FUNCTION = YES;
				GCC_WARN_UNUSED_VARIABLE = YES;
				IPHONEOS_DEPLOYMENT_TARGET = 10.3;
				MTL_ENABLE_DEBUG_INFO = NO;
				SDKROOT = iphoneos;
				TARGETED_DEVICE_FAMILY = "1,2";
				VALIDATE_PRODUCT = YES;
			};
			name = Release;
		};
		C1B92E461F02C2500034AD28 /* Debug */ = {
			isa = XCBuildConfiguration;
			baseConfigurationReference = 477E7AC93E31BC7ECD27308E /* Pods-AppboyFeedbackSample.debug.xcconfig */;
			buildSettings = {
				ASSETCATALOG_COMPILER_APPICON_NAME = AppIcon;
				DEVELOPMENT_TEAM = 5GLZKGNWQ3;
				INFOPLIST_FILE = AppboyFeedbackSample/Info.plist;
				IPHONEOS_DEPLOYMENT_TARGET = 9.0;
				LD_RUNPATH_SEARCH_PATHS = "$(inherited) @executable_path/Frameworks";
				PRODUCT_BUNDLE_IDENTIFIER = com.appboy.AppboyFeedbackSample;
				PRODUCT_NAME = "$(TARGET_NAME)";
			};
			name = Debug;
		};
		C1B92E471F02C2500034AD28 /* Release */ = {
			isa = XCBuildConfiguration;
			baseConfigurationReference = 8F2765BD08F414A280B86973 /* Pods-AppboyFeedbackSample.release.xcconfig */;
			buildSettings = {
				ASSETCATALOG_COMPILER_APPICON_NAME = AppIcon;
				DEVELOPMENT_TEAM = 5GLZKGNWQ3;
				INFOPLIST_FILE = AppboyFeedbackSample/Info.plist;
				IPHONEOS_DEPLOYMENT_TARGET = 9.0;
				LD_RUNPATH_SEARCH_PATHS = "$(inherited) @executable_path/Frameworks";
				PRODUCT_BUNDLE_IDENTIFIER = com.appboy.AppboyFeedbackSample;
				PRODUCT_NAME = "$(TARGET_NAME)";
			};
			name = Release;
		};
		C1B92E491F02C2500034AD28 /* Debug */ = {
			isa = XCBuildConfiguration;
			buildSettings = {
				DEVELOPMENT_TEAM = 5GLZKGNWQ3;
				INFOPLIST_FILE = AppboyFeedbackSampleUITests/Info.plist;
				LD_RUNPATH_SEARCH_PATHS = "$(inherited) @executable_path/Frameworks @loader_path/Frameworks";
				PRODUCT_BUNDLE_IDENTIFIER = com.appboy.AppboyFeedbackSampleUITests;
				PRODUCT_NAME = "$(TARGET_NAME)";
				TEST_TARGET_NAME = AppboyFeedbackSample;
			};
			name = Debug;
		};
		C1B92E4A1F02C2500034AD28 /* Release */ = {
			isa = XCBuildConfiguration;
			buildSettings = {
				DEVELOPMENT_TEAM = 5GLZKGNWQ3;
				INFOPLIST_FILE = AppboyFeedbackSampleUITests/Info.plist;
				LD_RUNPATH_SEARCH_PATHS = "$(inherited) @executable_path/Frameworks @loader_path/Frameworks";
				PRODUCT_BUNDLE_IDENTIFIER = com.appboy.AppboyFeedbackSampleUITests;
				PRODUCT_NAME = "$(TARGET_NAME)";
				TEST_TARGET_NAME = AppboyFeedbackSample;
			};
			name = Release;
		};
/* End XCBuildConfiguration section */

/* Begin XCConfigurationList section */
		C1B92E1E1F02C24F0034AD28 /* Build configuration list for PBXProject "AppboyFeedbackSample" */ = {
			isa = XCConfigurationList;
			buildConfigurations = (
				C1B92E431F02C2500034AD28 /* Debug */,
				C1B92E441F02C2500034AD28 /* Release */,
			);
			defaultConfigurationIsVisible = 0;
			defaultConfigurationName = Release;
		};
		C1B92E451F02C2500034AD28 /* Build configuration list for PBXNativeTarget "AppboyFeedbackSample" */ = {
			isa = XCConfigurationList;
			buildConfigurations = (
				C1B92E461F02C2500034AD28 /* Debug */,
				C1B92E471F02C2500034AD28 /* Release */,
			);
			defaultConfigurationIsVisible = 0;
			defaultConfigurationName = Release;
		};
		C1B92E481F02C2500034AD28 /* Build configuration list for PBXNativeTarget "AppboyFeedbackSampleUITests" */ = {
			isa = XCConfigurationList;
			buildConfigurations = (
				C1B92E491F02C2500034AD28 /* Debug */,
				C1B92E4A1F02C2500034AD28 /* Release */,
			);
			defaultConfigurationIsVisible = 0;
			defaultConfigurationName = Release;
		};
/* End XCConfigurationList section */
	};
	rootObject = C1B92E1B1F02C24F0034AD28 /* Project object */;
}
