// !$*UTF8*$!
{
	archiveVersion = 1;
	classes = {
	};
	objectVersion = 46;
	objects = {

/* Begin PBXBuildFile section */
		4E3E94E318BD52C60008C815 /* Localizable.strings in Resources */ = {isa = PBXBuildFile; fileRef = 4E3E94E118BD52C60008C815 /* Localizable.strings */; };
		4E3E94F218BD5D530008C815 /* StopwatchNUIStyle.nss in Resources */ = {isa = PBXBuildFile; fileRef = 4E3E94F118BD5D530008C815 /* StopwatchNUIStyle.nss */; };
		4E3E94F318BD6AED0008C815 /* QuartzCore.framework in Frameworks */ = {isa = PBXBuildFile; fileRef = 958071A7173D727000129B89 /* QuartzCore.framework */; };
		4E76BAA2183546CF001872E3 /* libCrittercism_v4_1_2.a in Frameworks */ = {isa = PBXBuildFile; fileRef = 4E76BAA1183546CF001872E3 /* libCrittercism_v4_1_2.a */; };
		4E76BAA5183546E3001872E3 /* dsym_upload.sh in Resources */ = {isa = PBXBuildFile; fileRef = 4E76BAA4183546E3001872E3 /* dsym_upload.sh */; };
		4E94D76E1743EE7100604EA0 /* Clock.m in Sources */ = {isa = PBXBuildFile; fileRef = 4E94D76D1743EE7100604EA0 /* Clock.m */; };
		4E94D7711743EE8900604EA0 /* AppDelegate.m in Sources */ = {isa = PBXBuildFile; fileRef = 4E94D7701743EE8900604EA0 /* AppDelegate.m */; };
		4E9837451834072C007FB92E /* stopwatch-icon-76.png in Resources */ = {isa = PBXBuildFile; fileRef = 4E9837421834072C007FB92E /* stopwatch-icon-76.png */; };
		4E9837461834072C007FB92E /* stopwatch-icon-120.png in Resources */ = {isa = PBXBuildFile; fileRef = 4E9837431834072C007FB92E /* stopwatch-icon-120.png */; };
		4E9837471834072C007FB92E /* stopwatch-icon-152.png in Resources */ = {isa = PBXBuildFile; fileRef = 4E9837441834072C007FB92E /* stopwatch-icon-152.png */; };
		4EA0515C18998472007217BD /* CustomSlideupViewController.m in Sources */ = {isa = PBXBuildFile; fileRef = 4EA0515A18998472007217BD /* CustomSlideupViewController.m */; };
		4EA0515D18998472007217BD /* CustomSlideupViewController.xib in Resources */ = {isa = PBXBuildFile; fileRef = 4EA0515B18998472007217BD /* CustomSlideupViewController.xib */; };
		4EA05160189986F9007217BD /* btn-close.png in Resources */ = {isa = PBXBuildFile; fileRef = 4EA0515E189986F9007217BD /* btn-close.png */; };
		4EA05161189986F9007217BD /* btn-close@2x.png in Resources */ = {isa = PBXBuildFile; fileRef = 4EA0515F189986F9007217BD /* btn-close@2x.png */; };
		4EA0516618998E11007217BD /* stopwatch@2x.png in Resources */ = {isa = PBXBuildFile; fileRef = 4EA0516418998E11007217BD /* stopwatch@2x.png */; };
		4EA0516718998E11007217BD /* stopwatch.png in Resources */ = {isa = PBXBuildFile; fileRef = 4EA0516518998E11007217BD /* stopwatch.png */; };
		4EA3EE241745B9A2000E403C /* UserAttributeCell.m in Sources */ = {isa = PBXBuildFile; fileRef = 4EA3EE231745B9A2000E403C /* UserAttributeCell.m */; };
		4EA7AA8E185626EC00D2B651 /* FlushModeTestViewController.m in Sources */ = {isa = PBXBuildFile; fileRef = 4EA7AA8D185626EC00D2B651 /* FlushModeTestViewController.m */; };
		797795232AE54425A15B3018 /* libPods.a in Frameworks */ = {isa = PBXBuildFile; fileRef = 01F620394EDC4EF6A11D6429 /* libPods.a */; };
		953574AB1743F862003A64B3 /* UserAttributesViewController.m in Sources */ = {isa = PBXBuildFile; fileRef = 953574A81743F862003A64B3 /* UserAttributesViewController.m */; };
		955DE89017419DB000C07A57 /* TestingViewController.m in Sources */ = {isa = PBXBuildFile; fileRef = 955DE88F17419DB000C07A57 /* TestingViewController.m */; };
		955DE8961741A70700C07A57 /* SlideupTestViewController.m in Sources */ = {isa = PBXBuildFile; fileRef = 955DE8941741A70700C07A57 /* SlideupTestViewController.m */; };
		9580719E173D723400129B89 /* SystemConfiguration.framework in Frameworks */ = {isa = PBXBuildFile; fileRef = 95EF514D173D6A6100C0D780 /* SystemConfiguration.framework */; };
		9580719F173D723400129B89 /* AssetsLibrary.framework in Frameworks */ = {isa = PBXBuildFile; fileRef = 95EF514F173D6A6800C0D780 /* AssetsLibrary.framework */; };
		958071A0173D723400129B89 /* CoreTelephony.framework in Frameworks */ = {isa = PBXBuildFile; fileRef = 95EF5153173D6A7700C0D780 /* CoreTelephony.framework */; settings = {ATTRIBUTES = (Weak, ); }; };
		958071A1173D723400129B89 /* Social.framework in Frameworks */ = {isa = PBXBuildFile; fileRef = 95EF5155173D6A8000C0D780 /* Social.framework */; settings = {ATTRIBUTES = (Weak, ); }; };
		958071A2173D723400129B89 /* Twitter.framework in Frameworks */ = {isa = PBXBuildFile; fileRef = 95EF5157173D6A8800C0D780 /* Twitter.framework */; settings = {ATTRIBUTES = (Weak, ); }; };
		958071A3173D723400129B89 /* Accounts.framework in Frameworks */ = {isa = PBXBuildFile; fileRef = 95EF5159173D6A9000C0D780 /* Accounts.framework */; settings = {ATTRIBUTES = (Weak, ); }; };
		958071A4173D723400129B89 /* AdSupport.framework in Frameworks */ = {isa = PBXBuildFile; fileRef = 95EF515B173D6A9800C0D780 /* AdSupport.framework */; settings = {ATTRIBUTES = (Weak, ); }; };
		958071A5173D723400129B89 /* StoreKit.framework in Frameworks */ = {isa = PBXBuildFile; fileRef = 95EF515D173D6AAA00C0D780 /* StoreKit.framework */; settings = {ATTRIBUTES = (Weak, ); }; };
		958071A6173D723400129B89 /* CoreLocation.framework in Frameworks */ = {isa = PBXBuildFile; fileRef = 95EF515F173D6AB100C0D780 /* CoreLocation.framework */; settings = {ATTRIBUTES = (Weak, ); }; };
		959D3500174461D6006AF9CE /* stopwatch-icon-iPad.png in Resources */ = {isa = PBXBuildFile; fileRef = 959D34FC174461D6006AF9CE /* stopwatch-icon-iPad.png */; };
		959D3501174461D6006AF9CE /* stopwatch-icon-iPad@2x.png in Resources */ = {isa = PBXBuildFile; fileRef = 959D34FD174461D6006AF9CE /* stopwatch-icon-iPad@2x.png */; };
		959D3502174461D6006AF9CE /* stopwatch-icon.png in Resources */ = {isa = PBXBuildFile; fileRef = 959D34FE174461D6006AF9CE /* stopwatch-icon.png */; };
		959D3503174461D6006AF9CE /* stopwatch-icon@2x.png in Resources */ = {isa = PBXBuildFile; fileRef = 959D34FF174461D6006AF9CE /* stopwatch-icon@2x.png */; };
		95AD66B3173D75CB00C51CF8 /* btn-backarrow.png in Resources */ = {isa = PBXBuildFile; fileRef = 95AD66B2173D75CB00C51CF8 /* btn-backarrow.png */; };
		95AD66BD173DB67F00C51CF8 /* twitter-icon.png in Resources */ = {isa = PBXBuildFile; fileRef = 95AD66BC173DB67F00C51CF8 /* twitter-icon.png */; };
		95AD66C0173DB8F200C51CF8 /* facebook-icon.png in Resources */ = {isa = PBXBuildFile; fileRef = 95AD66BF173DB8F200C51CF8 /* facebook-icon.png */; };
		95EF510E173D5FD600C0D780 /* UIKit.framework in Frameworks */ = {isa = PBXBuildFile; fileRef = 95EF510D173D5FD600C0D780 /* UIKit.framework */; };
		95EF5110173D5FD600C0D780 /* Foundation.framework in Frameworks */ = {isa = PBXBuildFile; fileRef = 95EF510F173D5FD600C0D780 /* Foundation.framework */; };
		95EF5112173D5FD600C0D780 /* CoreGraphics.framework in Frameworks */ = {isa = PBXBuildFile; fileRef = 95EF5111173D5FD600C0D780 /* CoreGraphics.framework */; };
		95EF5118173D5FD600C0D780 /* InfoPlist.strings in Resources */ = {isa = PBXBuildFile; fileRef = 95EF5116173D5FD600C0D780 /* InfoPlist.strings */; };
		95EF511A173D5FD600C0D780 /* main.m in Sources */ = {isa = PBXBuildFile; fileRef = 95EF5119173D5FD600C0D780 /* main.m */; };
		95EF5120173D5FD600C0D780 /* Default.png in Resources */ = {isa = PBXBuildFile; fileRef = 95EF511F173D5FD600C0D780 /* Default.png */; };
		95EF5122173D5FD600C0D780 /* Default@2x.png in Resources */ = {isa = PBXBuildFile; fileRef = 95EF5121173D5FD600C0D780 /* Default@2x.png */; };
		95EF5124173D5FD600C0D780 /* Default-568h@2x.png in Resources */ = {isa = PBXBuildFile; fileRef = 95EF5123173D5FD600C0D780 /* Default-568h@2x.png */; };
		95EF5127173D5FD600C0D780 /* MainStoryboard_iPhone.storyboard in Resources */ = {isa = PBXBuildFile; fileRef = 95EF5125173D5FD600C0D780 /* MainStoryboard_iPhone.storyboard */; };
		95EF512A173D5FD600C0D780 /* MainStoryboard_iPad.storyboard in Resources */ = {isa = PBXBuildFile; fileRef = 95EF5128173D5FD600C0D780 /* MainStoryboard_iPad.storyboard */; };
		95EF512D173D5FD600C0D780 /* InitialViewController.m in Sources */ = {isa = PBXBuildFile; fileRef = 95EF512C173D5FD600C0D780 /* InitialViewController.m */; };
		95EF5152173D6A6F00C0D780 /* CoreImage.framework in Frameworks */ = {isa = PBXBuildFile; fileRef = 95EF5151173D6A6F00C0D780 /* CoreImage.framework */; };
		E87DE6501820618A0004981F /* GameKit.framework in Frameworks */ = {isa = PBXBuildFile; fileRef = E87DE64F1820618A0004981F /* GameKit.framework */; };
/* End PBXBuildFile section */

/* Begin PBXFileReference section */
		01F620394EDC4EF6A11D6429 /* libPods.a */ = {isa = PBXFileReference; explicitFileType = archive.ar; includeInIndex = 0; path = libPods.a; sourceTree = BUILT_PRODUCTS_DIR; };
		4E3E94E018BD529C0008C815 /* zh-Hans */ = {isa = PBXFileReference; lastKnownFileType = file.storyboard; name = "zh-Hans"; path = "zh-Hans.lproj/MainStoryboard_iPhone.storyboard"; sourceTree = "<group>"; };
		4E3E94E218BD52C60008C815 /* en */ = {isa = PBXFileReference; lastKnownFileType = text.plist.strings; name = en; path = en.lproj/Localizable.strings; sourceTree = "<group>"; };
		4E3E94E418BD52CE0008C815 /* zh-Hans */ = {isa = PBXFileReference; lastKnownFileType = text.plist.strings; name = "zh-Hans"; path = "zh-Hans.lproj/Localizable.strings"; sourceTree = "<group>"; };
		4E3E94E518BD52DF0008C815 /* zh-Hans */ = {isa = PBXFileReference; lastKnownFileType = file.storyboard; name = "zh-Hans"; path = "zh-Hans.lproj/MainStoryboard_iPad.storyboard"; sourceTree = "<group>"; };
		4E3E94F118BD5D530008C815 /* StopwatchNUIStyle.nss */ = {isa = PBXFileReference; fileEncoding = 4; lastKnownFileType = text; path = StopwatchNUIStyle.nss; sourceTree = "<group>"; };
		4E76BAA1183546CF001872E3 /* libCrittercism_v4_1_2.a */ = {isa = PBXFileReference; lastKnownFileType = archive.ar; path = libCrittercism_v4_1_2.a; sourceTree = "<group>"; };
		4E76BAA3183546E3001872E3 /* CRFilter.h */ = {isa = PBXFileReference; fileEncoding = 4; lastKnownFileType = sourcecode.c.h; path = CRFilter.h; sourceTree = "<group>"; };
		4E76BAA4183546E3001872E3 /* dsym_upload.sh */ = {isa = PBXFileReference; fileEncoding = 4; lastKnownFileType = text.script.sh; path = dsym_upload.sh; sourceTree = "<group>"; };
		4E94D76C1743EE7100604EA0 /* Clock.h */ = {isa = PBXFileReference; fileEncoding = 4; lastKnownFileType = sourcecode.c.h; path = Clock.h; sourceTree = "<group>"; };
		4E94D76D1743EE7100604EA0 /* Clock.m */ = {isa = PBXFileReference; fileEncoding = 4; lastKnownFileType = sourcecode.c.objc; path = Clock.m; sourceTree = "<group>"; };
		4E94D76F1743EE8900604EA0 /* AppDelegate.h */ = {isa = PBXFileReference; fileEncoding = 4; lastKnownFileType = sourcecode.c.h; path = AppDelegate.h; sourceTree = "<group>"; };
		4E94D7701743EE8900604EA0 /* AppDelegate.m */ = {isa = PBXFileReference; fileEncoding = 4; lastKnownFileType = sourcecode.c.objc; path = AppDelegate.m; sourceTree = "<group>"; };
		4E9837421834072C007FB92E /* stopwatch-icon-76.png */ = {isa = PBXFileReference; lastKnownFileType = image.png; path = "stopwatch-icon-76.png"; sourceTree = "<group>"; };
		4E9837431834072C007FB92E /* stopwatch-icon-120.png */ = {isa = PBXFileReference; lastKnownFileType = image.png; path = "stopwatch-icon-120.png"; sourceTree = "<group>"; };
		4E9837441834072C007FB92E /* stopwatch-icon-152.png */ = {isa = PBXFileReference; lastKnownFileType = image.png; path = "stopwatch-icon-152.png"; sourceTree = "<group>"; };
		4EA0515918998472007217BD /* CustomSlideupViewController.h */ = {isa = PBXFileReference; fileEncoding = 4; lastKnownFileType = sourcecode.c.h; path = CustomSlideupViewController.h; sourceTree = "<group>"; };
		4EA0515A18998472007217BD /* CustomSlideupViewController.m */ = {isa = PBXFileReference; fileEncoding = 4; lastKnownFileType = sourcecode.c.objc; path = CustomSlideupViewController.m; sourceTree = "<group>"; };
		4EA0515B18998472007217BD /* CustomSlideupViewController.xib */ = {isa = PBXFileReference; fileEncoding = 4; lastKnownFileType = file.xib; path = CustomSlideupViewController.xib; sourceTree = "<group>"; };
		4EA0515E189986F9007217BD /* btn-close.png */ = {isa = PBXFileReference; lastKnownFileType = image.png; path = "btn-close.png"; sourceTree = "<group>"; };
		4EA0515F189986F9007217BD /* btn-close@2x.png */ = {isa = PBXFileReference; lastKnownFileType = image.png; path = "btn-close@2x.png"; sourceTree = "<group>"; };
		4EA0516418998E11007217BD /* stopwatch@2x.png */ = {isa = PBXFileReference; lastKnownFileType = image.png; path = "stopwatch@2x.png"; sourceTree = "<group>"; };
		4EA0516518998E11007217BD /* stopwatch.png */ = {isa = PBXFileReference; lastKnownFileType = image.png; path = stopwatch.png; sourceTree = "<group>"; };
		4EA3EE221745B9A2000E403C /* UserAttributeCell.h */ = {isa = PBXFileReference; fileEncoding = 4; lastKnownFileType = sourcecode.c.h; path = UserAttributeCell.h; sourceTree = "<group>"; };
		4EA3EE231745B9A2000E403C /* UserAttributeCell.m */ = {isa = PBXFileReference; fileEncoding = 4; lastKnownFileType = sourcecode.c.objc; path = UserAttributeCell.m; sourceTree = "<group>"; };
		4EA7AA8C185626EC00D2B651 /* FlushModeTestViewController.h */ = {isa = PBXFileReference; fileEncoding = 4; lastKnownFileType = sourcecode.c.h; path = FlushModeTestViewController.h; sourceTree = "<group>"; };
		4EA7AA8D185626EC00D2B651 /* FlushModeTestViewController.m */ = {isa = PBXFileReference; fileEncoding = 4; lastKnownFileType = sourcecode.c.objc; path = FlushModeTestViewController.m; sourceTree = "<group>"; };
		904C588FDBBC4F428538D08E /* Pods.xcconfig */ = {isa = PBXFileReference; includeInIndex = 1; lastKnownFileType = text.xcconfig; name = Pods.xcconfig; path = Pods/Pods.xcconfig; sourceTree = "<group>"; };
		953574A81743F862003A64B3 /* UserAttributesViewController.m */ = {isa = PBXFileReference; fileEncoding = 4; lastKnownFileType = sourcecode.c.objc; path = UserAttributesViewController.m; sourceTree = "<group>"; };
		953574A91743F862003A64B3 /* UserAttributesViewController.h */ = {isa = PBXFileReference; fileEncoding = 4; lastKnownFileType = sourcecode.c.h; path = UserAttributesViewController.h; sourceTree = "<group>"; };
		955DE88E17419DB000C07A57 /* TestingViewController.h */ = {isa = PBXFileReference; fileEncoding = 4; lastKnownFileType = sourcecode.c.h; path = TestingViewController.h; sourceTree = "<group>"; };
		955DE88F17419DB000C07A57 /* TestingViewController.m */ = {isa = PBXFileReference; fileEncoding = 4; lastKnownFileType = sourcecode.c.objc; path = TestingViewController.m; sourceTree = "<group>"; };
		955DE8931741A70700C07A57 /* SlideupTestViewController.h */ = {isa = PBXFileReference; fileEncoding = 4; lastKnownFileType = sourcecode.c.h; path = SlideupTestViewController.h; sourceTree = "<group>"; };
		955DE8941741A70700C07A57 /* SlideupTestViewController.m */ = {isa = PBXFileReference; fileEncoding = 4; lastKnownFileType = sourcecode.c.objc; path = SlideupTestViewController.m; sourceTree = "<group>"; };
		958071A7173D727000129B89 /* QuartzCore.framework */ = {isa = PBXFileReference; lastKnownFileType = wrapper.framework; name = QuartzCore.framework; path = System/Library/Frameworks/QuartzCore.framework; sourceTree = SDKROOT; };
		959D34FC174461D6006AF9CE /* stopwatch-icon-iPad.png */ = {isa = PBXFileReference; lastKnownFileType = image.png; path = "stopwatch-icon-iPad.png"; sourceTree = "<group>"; };
		959D34FD174461D6006AF9CE /* stopwatch-icon-iPad@2x.png */ = {isa = PBXFileReference; lastKnownFileType = image.png; path = "stopwatch-icon-iPad@2x.png"; sourceTree = "<group>"; };
		959D34FE174461D6006AF9CE /* stopwatch-icon.png */ = {isa = PBXFileReference; lastKnownFileType = image.png; path = "stopwatch-icon.png"; sourceTree = "<group>"; };
		959D34FF174461D6006AF9CE /* stopwatch-icon@2x.png */ = {isa = PBXFileReference; lastKnownFileType = image.png; path = "stopwatch-icon@2x.png"; sourceTree = "<group>"; };
		95AD66B2173D75CB00C51CF8 /* btn-backarrow.png */ = {isa = PBXFileReference; lastKnownFileType = image.png; path = "btn-backarrow.png"; sourceTree = "<group>"; };
		95AD66BC173DB67F00C51CF8 /* twitter-icon.png */ = {isa = PBXFileReference; lastKnownFileType = image.png; path = "twitter-icon.png"; sourceTree = "<group>"; };
		95AD66BF173DB8F200C51CF8 /* facebook-icon.png */ = {isa = PBXFileReference; lastKnownFileType = image.png; path = "facebook-icon.png"; sourceTree = "<group>"; };
		95EF510A173D5FD600C0D780 /* Stopwatch.app */ = {isa = PBXFileReference; explicitFileType = wrapper.application; includeInIndex = 0; path = Stopwatch.app; sourceTree = BUILT_PRODUCTS_DIR; };
		95EF510D173D5FD600C0D780 /* UIKit.framework */ = {isa = PBXFileReference; lastKnownFileType = wrapper.framework; name = UIKit.framework; path = System/Library/Frameworks/UIKit.framework; sourceTree = SDKROOT; };
		95EF510F173D5FD600C0D780 /* Foundation.framework */ = {isa = PBXFileReference; lastKnownFileType = wrapper.framework; name = Foundation.framework; path = System/Library/Frameworks/Foundation.framework; sourceTree = SDKROOT; };
		95EF5111173D5FD600C0D780 /* CoreGraphics.framework */ = {isa = PBXFileReference; lastKnownFileType = wrapper.framework; name = CoreGraphics.framework; path = System/Library/Frameworks/CoreGraphics.framework; sourceTree = SDKROOT; };
		95EF5115173D5FD600C0D780 /* Stopwatch-Info.plist */ = {isa = PBXFileReference; lastKnownFileType = text.plist.xml; path = "Stopwatch-Info.plist"; sourceTree = "<group>"; };
		95EF5117173D5FD600C0D780 /* en */ = {isa = PBXFileReference; lastKnownFileType = text.plist.strings; name = en; path = en.lproj/InfoPlist.strings; sourceTree = "<group>"; };
		95EF5119173D5FD600C0D780 /* main.m */ = {isa = PBXFileReference; lastKnownFileType = sourcecode.c.objc; path = main.m; sourceTree = "<group>"; };
		95EF511B173D5FD600C0D780 /* Stopwatch-Prefix.pch */ = {isa = PBXFileReference; lastKnownFileType = sourcecode.c.h; path = "Stopwatch-Prefix.pch"; sourceTree = "<group>"; };
		95EF511F173D5FD600C0D780 /* Default.png */ = {isa = PBXFileReference; lastKnownFileType = image.png; path = Default.png; sourceTree = "<group>"; };
		95EF5121173D5FD600C0D780 /* Default@2x.png */ = {isa = PBXFileReference; lastKnownFileType = image.png; path = "Default@2x.png"; sourceTree = "<group>"; };
		95EF5123173D5FD600C0D780 /* Default-568h@2x.png */ = {isa = PBXFileReference; lastKnownFileType = image.png; path = "Default-568h@2x.png"; sourceTree = "<group>"; };
		95EF5126173D5FD600C0D780 /* en */ = {isa = PBXFileReference; lastKnownFileType = file.storyboard; name = en; path = en.lproj/MainStoryboard_iPhone.storyboard; sourceTree = "<group>"; };
		95EF5129173D5FD600C0D780 /* en */ = {isa = PBXFileReference; lastKnownFileType = file.storyboard; name = en; path = en.lproj/MainStoryboard_iPad.storyboard; sourceTree = "<group>"; };
		95EF512B173D5FD600C0D780 /* InitialViewController.h */ = {isa = PBXFileReference; lastKnownFileType = sourcecode.c.h; path = InitialViewController.h; sourceTree = "<group>"; };
		95EF512C173D5FD600C0D780 /* InitialViewController.m */ = {isa = PBXFileReference; lastKnownFileType = sourcecode.c.objc; path = InitialViewController.m; sourceTree = "<group>"; };
		95EF514D173D6A6100C0D780 /* SystemConfiguration.framework */ = {isa = PBXFileReference; lastKnownFileType = wrapper.framework; name = SystemConfiguration.framework; path = System/Library/Frameworks/SystemConfiguration.framework; sourceTree = SDKROOT; };
		95EF514F173D6A6800C0D780 /* AssetsLibrary.framework */ = {isa = PBXFileReference; lastKnownFileType = wrapper.framework; name = AssetsLibrary.framework; path = System/Library/Frameworks/AssetsLibrary.framework; sourceTree = SDKROOT; };
		95EF5151173D6A6F00C0D780 /* CoreImage.framework */ = {isa = PBXFileReference; lastKnownFileType = wrapper.framework; name = CoreImage.framework; path = System/Library/Frameworks/CoreImage.framework; sourceTree = SDKROOT; };
		95EF5153173D6A7700C0D780 /* CoreTelephony.framework */ = {isa = PBXFileReference; lastKnownFileType = wrapper.framework; name = CoreTelephony.framework; path = System/Library/Frameworks/CoreTelephony.framework; sourceTree = SDKROOT; };
		95EF5155173D6A8000C0D780 /* Social.framework */ = {isa = PBXFileReference; lastKnownFileType = wrapper.framework; name = Social.framework; path = System/Library/Frameworks/Social.framework; sourceTree = SDKROOT; };
		95EF5157173D6A8800C0D780 /* Twitter.framework */ = {isa = PBXFileReference; lastKnownFileType = wrapper.framework; name = Twitter.framework; path = System/Library/Frameworks/Twitter.framework; sourceTree = SDKROOT; };
		95EF5159173D6A9000C0D780 /* Accounts.framework */ = {isa = PBXFileReference; lastKnownFileType = wrapper.framework; name = Accounts.framework; path = System/Library/Frameworks/Accounts.framework; sourceTree = SDKROOT; };
		95EF515B173D6A9800C0D780 /* AdSupport.framework */ = {isa = PBXFileReference; lastKnownFileType = wrapper.framework; name = AdSupport.framework; path = System/Library/Frameworks/AdSupport.framework; sourceTree = SDKROOT; };
		95EF515D173D6AAA00C0D780 /* StoreKit.framework */ = {isa = PBXFileReference; lastKnownFileType = wrapper.framework; name = StoreKit.framework; path = System/Library/Frameworks/StoreKit.framework; sourceTree = SDKROOT; };
		95EF515F173D6AB100C0D780 /* CoreLocation.framework */ = {isa = PBXFileReference; lastKnownFileType = wrapper.framework; name = CoreLocation.framework; path = System/Library/Frameworks/CoreLocation.framework; sourceTree = SDKROOT; };
		C5CC74A11766B955005DAD08 /* Crittercism.h */ = {isa = PBXFileReference; fileEncoding = 4; lastKnownFileType = sourcecode.c.h; path = Crittercism.h; sourceTree = "<group>"; };
		C5CC74A21766B955005DAD08 /* CrittercismDelegate.h */ = {isa = PBXFileReference; fileEncoding = 4; lastKnownFileType = sourcecode.c.h; path = CrittercismDelegate.h; sourceTree = "<group>"; };
		E87DE64F1820618A0004981F /* GameKit.framework */ = {isa = PBXFileReference; lastKnownFileType = wrapper.framework; name = GameKit.framework; path = System/Library/Frameworks/GameKit.framework; sourceTree = SDKROOT; };
/* End PBXFileReference section */

/* Begin PBXFrameworksBuildPhase section */
		95EF5107173D5FD600C0D780 /* Frameworks */ = {
			isa = PBXFrameworksBuildPhase;
			buildActionMask = 2147483647;
			files = (
				4E3E94F318BD6AED0008C815 /* QuartzCore.framework in Frameworks */,
				9580719E173D723400129B89 /* SystemConfiguration.framework in Frameworks */,
				9580719F173D723400129B89 /* AssetsLibrary.framework in Frameworks */,
				95EF5152173D6A6F00C0D780 /* CoreImage.framework in Frameworks */,
				958071A0173D723400129B89 /* CoreTelephony.framework in Frameworks */,
				958071A1173D723400129B89 /* Social.framework in Frameworks */,
				4E76BAA2183546CF001872E3 /* libCrittercism_v4_1_2.a in Frameworks */,
				958071A2173D723400129B89 /* Twitter.framework in Frameworks */,
				958071A3173D723400129B89 /* Accounts.framework in Frameworks */,
				958071A4173D723400129B89 /* AdSupport.framework in Frameworks */,
				958071A5173D723400129B89 /* StoreKit.framework in Frameworks */,
				958071A6173D723400129B89 /* CoreLocation.framework in Frameworks */,
				95EF510E173D5FD600C0D780 /* UIKit.framework in Frameworks */,
				95EF5110173D5FD600C0D780 /* Foundation.framework in Frameworks */,
				E87DE6501820618A0004981F /* GameKit.framework in Frameworks */,
				95EF5112173D5FD600C0D780 /* CoreGraphics.framework in Frameworks */,
				797795232AE54425A15B3018 /* libPods.a in Frameworks */,
			);
			runOnlyForDeploymentPostprocessing = 0;
		};
/* End PBXFrameworksBuildPhase section */

/* Begin PBXGroup section */
		95AD66B1173D759F00C51CF8 /* Images */ = {
			isa = PBXGroup;
			children = (
				4EA0516418998E11007217BD /* stopwatch@2x.png */,
				4EA0516518998E11007217BD /* stopwatch.png */,
				4EA0515E189986F9007217BD /* btn-close.png */,
				4EA0515F189986F9007217BD /* btn-close@2x.png */,
				4E9837421834072C007FB92E /* stopwatch-icon-76.png */,
				4E9837431834072C007FB92E /* stopwatch-icon-120.png */,
				4E9837441834072C007FB92E /* stopwatch-icon-152.png */,
				959D34FC174461D6006AF9CE /* stopwatch-icon-iPad.png */,
				959D34FD174461D6006AF9CE /* stopwatch-icon-iPad@2x.png */,
				959D34FE174461D6006AF9CE /* stopwatch-icon.png */,
				959D34FF174461D6006AF9CE /* stopwatch-icon@2x.png */,
				95AD66BF173DB8F200C51CF8 /* facebook-icon.png */,
				95AD66BC173DB67F00C51CF8 /* twitter-icon.png */,
				95AD66B2173D75CB00C51CF8 /* btn-backarrow.png */,
			);
			name = Images;
			path = Stopwatch;
			sourceTree = "<group>";
		};
		95EF5101173D5FD600C0D780 = {
			isa = PBXGroup;
			children = (
				4E3E94F118BD5D530008C815 /* StopwatchNUIStyle.nss */,
				4E3E94E118BD52C60008C815 /* Localizable.strings */,
				C5CC74A01766B955005DAD08 /* CrittercismSDK */,
				95AD66B1173D759F00C51CF8 /* Images */,
				95EF5113173D5FD600C0D780 /* Stopwatch */,
				95EF510C173D5FD600C0D780 /* Frameworks */,
				95EF510B173D5FD600C0D780 /* Products */,
				904C588FDBBC4F428538D08E /* Pods.xcconfig */,
			);
			sourceTree = "<group>";
		};
		95EF510B173D5FD600C0D780 /* Products */ = {
			isa = PBXGroup;
			children = (
				95EF510A173D5FD600C0D780 /* Stopwatch.app */,
			);
			name = Products;
			sourceTree = "<group>";
		};
		95EF510C173D5FD600C0D780 /* Frameworks */ = {
			isa = PBXGroup;
			children = (
				E87DE64F1820618A0004981F /* GameKit.framework */,
				958071A7173D727000129B89 /* QuartzCore.framework */,
				95EF514D173D6A6100C0D780 /* SystemConfiguration.framework */,
				95EF514F173D6A6800C0D780 /* AssetsLibrary.framework */,
				95EF5151173D6A6F00C0D780 /* CoreImage.framework */,
				95EF5153173D6A7700C0D780 /* CoreTelephony.framework */,
				95EF5155173D6A8000C0D780 /* Social.framework */,
				95EF5157173D6A8800C0D780 /* Twitter.framework */,
				95EF5159173D6A9000C0D780 /* Accounts.framework */,
				95EF515B173D6A9800C0D780 /* AdSupport.framework */,
				95EF515D173D6AAA00C0D780 /* StoreKit.framework */,
				95EF515F173D6AB100C0D780 /* CoreLocation.framework */,
				95EF510D173D5FD600C0D780 /* UIKit.framework */,
				95EF510F173D5FD600C0D780 /* Foundation.framework */,
				95EF5111173D5FD600C0D780 /* CoreGraphics.framework */,
				01F620394EDC4EF6A11D6429 /* libPods.a */,
			);
			name = Frameworks;
			sourceTree = "<group>";
		};
		95EF5113173D5FD600C0D780 /* Stopwatch */ = {
			isa = PBXGroup;
			children = (
				4E94D76F1743EE8900604EA0 /* AppDelegate.h */,
				4E94D7701743EE8900604EA0 /* AppDelegate.m */,
				95EF5125173D5FD600C0D780 /* MainStoryboard_iPhone.storyboard */,
				95EF5128173D5FD600C0D780 /* MainStoryboard_iPad.storyboard */,
				95EF512B173D5FD600C0D780 /* InitialViewController.h */,
				95EF512C173D5FD600C0D780 /* InitialViewController.m */,
				4E94D76C1743EE7100604EA0 /* Clock.h */,
				4E94D76D1743EE7100604EA0 /* Clock.m */,
				955DE88E17419DB000C07A57 /* TestingViewController.h */,
				955DE88F17419DB000C07A57 /* TestingViewController.m */,
				955DE8931741A70700C07A57 /* SlideupTestViewController.h */,
				955DE8941741A70700C07A57 /* SlideupTestViewController.m */,
				953574A81743F862003A64B3 /* UserAttributesViewController.m */,
				953574A91743F862003A64B3 /* UserAttributesViewController.h */,
				95EF5114173D5FD600C0D780 /* Supporting Files */,
				4EA3EE221745B9A2000E403C /* UserAttributeCell.h */,
				4EA3EE231745B9A2000E403C /* UserAttributeCell.m */,
				4EA7AA8C185626EC00D2B651 /* FlushModeTestViewController.h */,
				4EA7AA8D185626EC00D2B651 /* FlushModeTestViewController.m */,
				4EA0515918998472007217BD /* CustomSlideupViewController.h */,
				4EA0515A18998472007217BD /* CustomSlideupViewController.m */,
				4EA0515B18998472007217BD /* CustomSlideupViewController.xib */,
			);
			path = Stopwatch;
			sourceTree = "<group>";
		};
		95EF5114173D5FD600C0D780 /* Supporting Files */ = {
			isa = PBXGroup;
			children = (
				95EF5115173D5FD600C0D780 /* Stopwatch-Info.plist */,
				95EF5116173D5FD600C0D780 /* InfoPlist.strings */,
				95EF5119173D5FD600C0D780 /* main.m */,
				95EF511B173D5FD600C0D780 /* Stopwatch-Prefix.pch */,
				95EF511F173D5FD600C0D780 /* Default.png */,
				95EF5121173D5FD600C0D780 /* Default@2x.png */,
				95EF5123173D5FD600C0D780 /* Default-568h@2x.png */,
			);
			name = "Supporting Files";
			sourceTree = "<group>";
		};
		C5CC74A01766B955005DAD08 /* CrittercismSDK */ = {
			isa = PBXGroup;
			children = (
				4E76BAA3183546E3001872E3 /* CRFilter.h */,
				4E76BAA4183546E3001872E3 /* dsym_upload.sh */,
				4E76BAA1183546CF001872E3 /* libCrittercism_v4_1_2.a */,
				C5CC74A11766B955005DAD08 /* Crittercism.h */,
				C5CC74A21766B955005DAD08 /* CrittercismDelegate.h */,
			);
			path = CrittercismSDK;
			sourceTree = "<group>";
		};
/* End PBXGroup section */

/* Begin PBXNativeTarget section */
		95EF5109173D5FD600C0D780 /* Stopwatch */ = {
			isa = PBXNativeTarget;
			buildConfigurationList = 95EF5130173D5FD600C0D780 /* Build configuration list for PBXNativeTarget "Stopwatch" */;
			buildPhases = (
				58CD4522874B443180A63587 /* Check Pods Manifest.lock */,
				95EF5106173D5FD600C0D780 /* Sources */,
				95EF5107173D5FD600C0D780 /* Frameworks */,
				95EF5108173D5FD600C0D780 /* Resources */,
				C5CC74A51766BC6B005DAD08 /* Upload DYSM to Crittercism */,
				3993FFFAF9154BEEBDD5FA87 /* Copy Pods Resources */,
			);
			buildRules = (
			);
			dependencies = (
			);
			name = Stopwatch;
			productName = Stopwatch;
			productReference = 95EF510A173D5FD600C0D780 /* Stopwatch.app */;
			productType = "com.apple.product-type.application";
		};
/* End PBXNativeTarget section */

/* Begin PBXProject section */
		95EF5102173D5FD600C0D780 /* Project object */ = {
			isa = PBXProject;
			attributes = {
				LastUpgradeCheck = 0460;
				ORGANIZATIONNAME = Appboy;
				TargetAttributes = {
					95EF5109173D5FD600C0D780 = {
						DevelopmentTeam = 5GLZKGNWQ3;
						SystemCapabilities = {
							com.apple.GameCenter = {
								enabled = 1;
							};
						};
					};
				};
			};
			buildConfigurationList = 95EF5105173D5FD600C0D780 /* Build configuration list for PBXProject "Stopwatch" */;
			compatibilityVersion = "Xcode 3.2";
			developmentRegion = English;
			hasScannedForEncodings = 0;
			knownRegions = (
				en,
				"zh-Hans",
			);
			mainGroup = 95EF5101173D5FD600C0D780;
			productRefGroup = 95EF510B173D5FD600C0D780 /* Products */;
			projectDirPath = "";
			projectRoot = "";
			targets = (
				95EF5109173D5FD600C0D780 /* Stopwatch */,
			);
		};
/* End PBXProject section */

/* Begin PBXResourcesBuildPhase section */
		95EF5108173D5FD600C0D780 /* Resources */ = {
			isa = PBXResourcesBuildPhase;
			buildActionMask = 2147483647;
			files = (
				4EA05161189986F9007217BD /* btn-close@2x.png in Resources */,
				95EF5118173D5FD600C0D780 /* InfoPlist.strings in Resources */,
				4E9837461834072C007FB92E /* stopwatch-icon-120.png in Resources */,
				4E3E94F218BD5D530008C815 /* StopwatchNUIStyle.nss in Resources */,
				95EF5120173D5FD600C0D780 /* Default.png in Resources */,
				4E76BAA5183546E3001872E3 /* dsym_upload.sh in Resources */,
				4E3E94E318BD52C60008C815 /* Localizable.strings in Resources */,
				4EA0516618998E11007217BD /* stopwatch@2x.png in Resources */,
				95EF5122173D5FD600C0D780 /* Default@2x.png in Resources */,
				95EF5124173D5FD600C0D780 /* Default-568h@2x.png in Resources */,
				95EF5127173D5FD600C0D780 /* MainStoryboard_iPhone.storyboard in Resources */,
				95EF512A173D5FD600C0D780 /* MainStoryboard_iPad.storyboard in Resources */,
				95AD66B3173D75CB00C51CF8 /* btn-backarrow.png in Resources */,
				95AD66BD173DB67F00C51CF8 /* twitter-icon.png in Resources */,
				95AD66C0173DB8F200C51CF8 /* facebook-icon.png in Resources */,
				4EA05160189986F9007217BD /* btn-close.png in Resources */,
				959D3500174461D6006AF9CE /* stopwatch-icon-iPad.png in Resources */,
				959D3501174461D6006AF9CE /* stopwatch-icon-iPad@2x.png in Resources */,
				4E9837471834072C007FB92E /* stopwatch-icon-152.png in Resources */,
				959D3502174461D6006AF9CE /* stopwatch-icon.png in Resources */,
				4EA0516718998E11007217BD /* stopwatch.png in Resources */,
				4EA0515D18998472007217BD /* CustomSlideupViewController.xib in Resources */,
				959D3503174461D6006AF9CE /* stopwatch-icon@2x.png in Resources */,
				4E9837451834072C007FB92E /* stopwatch-icon-76.png in Resources */,
			);
			runOnlyForDeploymentPostprocessing = 0;
		};
/* End PBXResourcesBuildPhase section */

/* Begin PBXShellScriptBuildPhase section */
		3993FFFAF9154BEEBDD5FA87 /* Copy Pods Resources */ = {
			isa = PBXShellScriptBuildPhase;
			buildActionMask = 2147483647;
			files = (
			);
			inputPaths = (
			);
			name = "Copy Pods Resources";
			outputPaths = (
			);
			runOnlyForDeploymentPostprocessing = 0;
			shellPath = /bin/sh;
			shellScript = "\"${SRCROOT}/Pods/Pods-resources.sh\"\n";
			showEnvVarsInLog = 0;
		};
		58CD4522874B443180A63587 /* Check Pods Manifest.lock */ = {
			isa = PBXShellScriptBuildPhase;
			buildActionMask = 2147483647;
			files = (
			);
			inputPaths = (
			);
			name = "Check Pods Manifest.lock";
			outputPaths = (
			);
			runOnlyForDeploymentPostprocessing = 0;
			shellPath = /bin/sh;
			shellScript = "diff \"${PODS_ROOT}/../Podfile.lock\" \"${PODS_ROOT}/Manifest.lock\" > /dev/null\nif [[ $? != 0 ]] ; then\n    cat << EOM\nerror: The sandbox is not in sync with the Podfile.lock. Run 'pod install' or update your CocoaPods installation.\nEOM\n    exit 1\nfi\n";
			showEnvVarsInLog = 0;
		};
		C5CC74A51766BC6B005DAD08 /* Upload DYSM to Crittercism */ = {
			isa = PBXShellScriptBuildPhase;
			buildActionMask = 2147483647;
			files = (
			);
			inputPaths = (
			);
			name = "Upload DYSM to Crittercism";
			outputPaths = (
			);
			runOnlyForDeploymentPostprocessing = 0;
			shellPath = /bin/sh;
			shellScript = "APP_ID=\"51b67d141386207417000002\"\nAPI_KEY=\"n9vujab6u83in5zd2wggxhxqeiatsj4f\"\nsource ${SRCROOT}/CrittercismSDK/dsym_upload.sh";
			showEnvVarsInLog = 0;
		};
/* End PBXShellScriptBuildPhase section */

/* Begin PBXSourcesBuildPhase section */
		95EF5106173D5FD600C0D780 /* Sources */ = {
			isa = PBXSourcesBuildPhase;
			buildActionMask = 2147483647;
			files = (
				95EF511A173D5FD600C0D780 /* main.m in Sources */,
				95EF512D173D5FD600C0D780 /* InitialViewController.m in Sources */,
				4EA7AA8E185626EC00D2B651 /* FlushModeTestViewController.m in Sources */,
				955DE89017419DB000C07A57 /* TestingViewController.m in Sources */,
				955DE8961741A70700C07A57 /* SlideupTestViewController.m in Sources */,
				4E94D76E1743EE7100604EA0 /* Clock.m in Sources */,
				4E94D7711743EE8900604EA0 /* AppDelegate.m in Sources */,
				953574AB1743F862003A64B3 /* UserAttributesViewController.m in Sources */,
				4EA0515C18998472007217BD /* CustomSlideupViewController.m in Sources */,
				4EA3EE241745B9A2000E403C /* UserAttributeCell.m in Sources */,
			);
			runOnlyForDeploymentPostprocessing = 0;
		};
/* End PBXSourcesBuildPhase section */

/* Begin PBXVariantGroup section */
		4E3E94E118BD52C60008C815 /* Localizable.strings */ = {
			isa = PBXVariantGroup;
			children = (
				4E3E94E218BD52C60008C815 /* en */,
				4E3E94E418BD52CE0008C815 /* zh-Hans */,
			);
			name = Localizable.strings;
			sourceTree = "<group>";
		};
		95EF5116173D5FD600C0D780 /* InfoPlist.strings */ = {
			isa = PBXVariantGroup;
			children = (
				95EF5117173D5FD600C0D780 /* en */,
			);
			name = InfoPlist.strings;
			sourceTree = "<group>";
		};
		95EF5125173D5FD600C0D780 /* MainStoryboard_iPhone.storyboard */ = {
			isa = PBXVariantGroup;
			children = (
				95EF5126173D5FD600C0D780 /* en */,
				4E3E94E018BD529C0008C815 /* zh-Hans */,
			);
			name = MainStoryboard_iPhone.storyboard;
			sourceTree = "<group>";
		};
		95EF5128173D5FD600C0D780 /* MainStoryboard_iPad.storyboard */ = {
			isa = PBXVariantGroup;
			children = (
				95EF5129173D5FD600C0D780 /* en */,
				4E3E94E518BD52DF0008C815 /* zh-Hans */,
			);
			name = MainStoryboard_iPad.storyboard;
			sourceTree = "<group>";
		};
/* End PBXVariantGroup section */

/* Begin XCBuildConfiguration section */
		95EF512E173D5FD600C0D780 /* Debug */ = {
			isa = XCBuildConfiguration;
			buildSettings = {
				ALWAYS_SEARCH_USER_PATHS = NO;
				ARCHS = "$(ARCHS_STANDARD)";
				CLANG_CXX_LANGUAGE_STANDARD = "gnu++0x";
				CLANG_CXX_LIBRARY = "libc++";
				CLANG_WARN_CONSTANT_CONVERSION = YES;
				CLANG_WARN_EMPTY_BODY = YES;
				CLANG_WARN_ENUM_CONVERSION = YES;
				CLANG_WARN_INT_CONVERSION = YES;
				CLANG_WARN__DUPLICATE_METHOD_MATCH = YES;
				CODE_SIGN_IDENTITY = "iPhone Distribution";
				"CODE_SIGN_IDENTITY[sdk=iphoneos*]" = "iPhone Distribution";
				COPY_PHASE_STRIP = NO;
				GCC_C_LANGUAGE_STANDARD = gnu99;
				GCC_DYNAMIC_NO_PIC = NO;
				GCC_OPTIMIZATION_LEVEL = 0;
				GCC_PREPROCESSOR_DEFINITIONS = (
					"DEBUG=1",
					"$(inherited)",
				);
				GCC_SYMBOLS_PRIVATE_EXTERN = NO;
				GCC_WARN_ABOUT_RETURN_TYPE = YES;
				GCC_WARN_UNINITIALIZED_AUTOS = YES;
				GCC_WARN_UNUSED_VARIABLE = YES;
				IPHONEOS_DEPLOYMENT_TARGET = 5.1.1;
				LIBRARY_SEARCH_PATHS = "${BUILT_PRODUCTS_DIR}";
				ONLY_ACTIVE_ARCH = YES;
				SDKROOT = iphoneos;
				TARGETED_DEVICE_FAMILY = "1,2";
			};
			name = Debug;
		};
		95EF512F173D5FD600C0D780 /* Release */ = {
			isa = XCBuildConfiguration;
			buildSettings = {
				ALWAYS_SEARCH_USER_PATHS = NO;
				ARCHS = "$(ARCHS_STANDARD)";
				CLANG_CXX_LANGUAGE_STANDARD = "gnu++0x";
				CLANG_CXX_LIBRARY = "libc++";
				CLANG_WARN_CONSTANT_CONVERSION = YES;
				CLANG_WARN_EMPTY_BODY = YES;
				CLANG_WARN_ENUM_CONVERSION = YES;
				CLANG_WARN_INT_CONVERSION = YES;
				CLANG_WARN__DUPLICATE_METHOD_MATCH = YES;
				CODE_SIGN_IDENTITY = "iPhone Distribution";
				"CODE_SIGN_IDENTITY[sdk=iphoneos*]" = "iPhone Distribution";
				COPY_PHASE_STRIP = YES;
				GCC_C_LANGUAGE_STANDARD = gnu99;
				GCC_WARN_ABOUT_RETURN_TYPE = YES;
				GCC_WARN_UNINITIALIZED_AUTOS = YES;
				GCC_WARN_UNUSED_VARIABLE = YES;
				IPHONEOS_DEPLOYMENT_TARGET = 5.1.1;
				LIBRARY_SEARCH_PATHS = "${BUILT_PRODUCTS_DIR}";
				OTHER_CFLAGS = "-DNS_BLOCK_ASSERTIONS=1";
				SDKROOT = iphoneos;
				TARGETED_DEVICE_FAMILY = "1,2";
				VALIDATE_PRODUCT = YES;
			};
			name = Release;
		};
		95EF5131173D5FD600C0D780 /* Debug */ = {
			isa = XCBuildConfiguration;
			baseConfigurationReference = 904C588FDBBC4F428538D08E /* Pods.xcconfig */;
			buildSettings = {
				CODE_SIGN_IDENTITY = "iPhone Distribution: Appboy Inc. (5GLZKGNWQ3)";
				FRAMEWORK_SEARCH_PATHS = "$(inherited)";
				GCC_PRECOMPILE_PREFIX_HEADER = YES;
				GCC_PREFIX_HEADER = "Stopwatch/Stopwatch-Prefix.pch";
				INFOPLIST_FILE = "Stopwatch/Stopwatch-Info.plist";
				IPHONEOS_DEPLOYMENT_TARGET = 5.1.1;
				LIBRARY_SEARCH_PATHS = (
					"$(SRCROOT)/CrittercismSDK",
					"\"${PODS_ROOT}/Appboy-iOS-SDK/AppboyKitWithoutFacebookSupport\"",
				);
				PRODUCT_NAME = "$(TARGET_NAME)";
				PROVISIONING_PROFILE = "F321D01B-D8C8-464D-82ED-233DA62B757D";
				WRAPPER_EXTENSION = app;
			};
			name = Debug;
		};
		95EF5132173D5FD600C0D780 /* Release */ = {
			isa = XCBuildConfiguration;
			baseConfigurationReference = 904C588FDBBC4F428538D08E /* Pods.xcconfig */;
			buildSettings = {
				CODE_SIGN_IDENTITY = "iPhone Distribution: Appboy Inc. (5GLZKGNWQ3)";
				FRAMEWORK_SEARCH_PATHS = "$(inherited)";
				GCC_PRECOMPILE_PREFIX_HEADER = YES;
				GCC_PREFIX_HEADER = "Stopwatch/Stopwatch-Prefix.pch";
				INFOPLIST_FILE = "Stopwatch/Stopwatch-Info.plist";
				IPHONEOS_DEPLOYMENT_TARGET = 5.1.1;
				LIBRARY_SEARCH_PATHS = (
					"$(SRCROOT)/CrittercismSDK",
					"\"${PODS_ROOT}/Appboy-iOS-SDK/AppboyKitWithoutFacebookSupport\"",
				);
				PRODUCT_NAME = "Appboy Sample";
				PROVISIONING_PROFILE = "960966F9-6356-4E1C-8A9E-94E88BD29D94";
				WRAPPER_EXTENSION = app;
			};
			name = Release;
		};
/* End XCBuildConfiguration section */

/* Begin XCConfigurationList section */
		95EF5105173D5FD600C0D780 /* Build configuration list for PBXProject "Stopwatch" */ = {
			isa = XCConfigurationList;
			buildConfigurations = (
				95EF512E173D5FD600C0D780 /* Debug */,
				95EF512F173D5FD600C0D780 /* Release */,
			);
			defaultConfigurationIsVisible = 0;
			defaultConfigurationName = Debug;
		};
		95EF5130173D5FD600C0D780 /* Build configuration list for PBXNativeTarget "Stopwatch" */ = {
			isa = XCConfigurationList;
			buildConfigurations = (
				95EF5131173D5FD600C0D780 /* Debug */,
				95EF5132173D5FD600C0D780 /* Release */,
			);
			defaultConfigurationIsVisible = 0;
			defaultConfigurationName = Debug;
		};
/* End XCConfigurationList section */
	};
	rootObject = 95EF5102173D5FD600C0D780 /* Project object */;
}
