PODS:
  - Appboy-iOS-SDK/Core (4.6.0)

DEPENDENCIES:
  - Appboy-iOS-SDK/Core

SPEC REPOS:
  https://github.com/CocoaPods/Specs.git:
    - Appboy-iOS-SDK

SPEC CHECKSUMS:
  Appboy-iOS-SDK: cfe28cb711db4ec3c299d97322ae7278f3508780

PODFILE CHECKSUM: 3f9aa207cb2d4b0335c85eb8be253d687ece3835

COCOAPODS: 1.14.3
