PODS:
  - Appboy-iOS-SDK/Core (3.15.0)

DEPENDENCIES:
  - Appboy-iOS-SDK/Core

SPEC REPOS:
  https://github.com/cocoapods/specs.git:
    - Appboy-iOS-SDK

SPEC CHECKSUMS:
  Appboy-iOS-SDK: 6d2ec19e51446eecfc03078926afd0fb889451e7

PODFILE CHECKSUM: 864c4865cf2fe79ede1e35b9028f00f71e07a469

COCOAPODS: 1.6.1
