PODS:
  - Appboy-iOS-SDK/Core (3.33.1)

DEPENDENCIES:
  - Appboy-iOS-SDK/Core

SPEC REPOS:
  https://github.com/CocoaPods/Specs.git:
    - Appboy-iOS-SDK

SPEC CHECKSUMS:
  Appboy-iOS-SDK: 60abd3c23bcd5c24a624ddaf3adaf166b835a0e0

PODFILE CHECKSUM: 864c4865cf2fe79ede1e35b9028f00f71e07a469

COCOAPODS: 1.10.1
