PODS:
  - Appboy-iOS-SDK/Core (3.3.0)
  - Appboy-iOS-SDK/InAppMessage (3.3.0):
    - Appboy-iOS-SDK/Core
    - SDWebImage/GIF (~> 4.0)
  - FLAnimatedImage (1.0.12)
  - SDWebImage/Core (4.2.2)
  - SDWebImage/GIF (4.2.2):
    - FLAnimatedImage (~> 1.0)
    - SDWebImage/Core

DEPENDENCIES:
  - Appboy-iOS-SDK/InAppMessage (from `./../../../../Appboy-iOS-SDK/`)

EXTERNAL SOURCES:
  Appboy-iOS-SDK:
    :path: ./../../../../Appboy-iOS-SDK/

SPEC CHECKSUMS:
  Appboy-iOS-SDK: 9b967a9822c4b7245f1d94daa4aa1859e3872f51
  FLAnimatedImage: 4a0b56255d9b05f18b6dd7ee06871be5d3b89e31
  SDWebImage: 89a9d32cd520bbb46eb14e541d5109b3564af198

PODFILE CHECKSUM: 036845880af52f2f6a11cd5aab0812d696043c09

COCOAPODS: 1.3.1
